// !$*UTF8*$!
{
	archiveVersion = 1;
	classes = {
	};
	objectVersion = 46;
	objects = {

/* Begin PBXBuildFile section */
		6102AAC31E25DEF5004704CF /* NetworkTools.swift in Sources */ = {isa = PBXBuildFile; fileRef = 6102AAC21E25DEF5004704CF /* NetworkTools.swift */; };
		611D44D81E1F41D80075E1B6 /* IRPageTitleView.swift in Sources */ = {isa = PBXBuildFile; fileRef = 611D44D71E1F41D80075E1B6 /* IRPageTitleView.swift */; };
		611D44DA1E1F44720075E1B6 /* Common.swift in Sources */ = {isa = PBXBuildFile; fileRef = 611D44D91E1F44720075E1B6 /* Common.swift */; };
		611D44DC1E1F7CC40075E1B6 /* IRPageContentView.swift in Sources */ = {isa = PBXBuildFile; fileRef = 611D44DB1E1F7CC40075E1B6 /* IRPageContentView.swift */; };
		611D44DE1E1F80CE0075E1B6 /* UIColor_Extension.swift in Sources */ = {isa = PBXBuildFile; fileRef = 611D44DD1E1F80CE0075E1B6 /* UIColor_Extension.swift */; };
		613806841E28A7DB0067CFC9 /* IRAnchorGroup.swift in Sources */ = {isa = PBXBuildFile; fileRef = 613806831E28A7DB0067CFC9 /* IRAnchorGroup.swift */; };
		613806861E28C6B50067CFC9 /* IRAnchorModel.swift in Sources */ = {isa = PBXBuildFile; fileRef = 613806851E28C6B50067CFC9 /* IRAnchorModel.swift */; };
		614E5A8B1E30A941000F5840 /* IRGameModel.swift in Sources */ = {isa = PBXBuildFile; fileRef = 614E5A8A1E30A941000F5840 /* IRGameModel.swift */; };
		614E5A8D1E30AADB000F5840 /* IRBaseGameModel.swift in Sources */ = {isa = PBXBuildFile; fileRef = 614E5A8C1E30AADB000F5840 /* IRBaseGameModel.swift */; };
		614E5A8F1E30BBBE000F5840 /* IRGameViewModel.swift in Sources */ = {isa = PBXBuildFile; fileRef = 614E5A8E1E30BBBE000F5840 /* IRGameViewModel.swift */; };
		614E5A911E30C8A0000F5840 /* IRAmuseViewController.swift in Sources */ = {isa = PBXBuildFile; fileRef = 614E5A901E30C8A0000F5840 /* IRAmuseViewController.swift */; };
		6150404F1E2CB65D008FF501 /* IRCollectionBaseCell.swift in Sources */ = {isa = PBXBuildFile; fileRef = 6150404E1E2CB65D008FF501 /* IRCollectionBaseCell.swift */; };
		615040521E2CBF45008FF501 /* IRCycleView.swift in Sources */ = {isa = PBXBuildFile; fileRef = 615040511E2CBF45008FF501 /* IRCycleView.swift */; };
		615040541E2CBF65008FF501 /* IRCycleView.xib in Resources */ = {isa = PBXBuildFile; fileRef = 615040531E2CBF65008FF501 /* IRCycleView.xib */; };
		615596431E1E178000F6EE4C /* IRFollowViewController.swift in Sources */ = {isa = PBXBuildFile; fileRef = 615596281E1E178000F6EE4C /* IRFollowViewController.swift */; };
		615596441E1E178000F6EE4C /* Follow.storyboard in Resources */ = {isa = PBXBuildFile; fileRef = 6155962B1E1E178000F6EE4C /* Follow.storyboard */; };
		615596451E1E178000F6EE4C /* IRHomeViewController.swift in Sources */ = {isa = PBXBuildFile; fileRef = 6155962E1E1E178000F6EE4C /* IRHomeViewController.swift */; };
		615596461E1E178000F6EE4C /* Home.storyboard in Resources */ = {isa = PBXBuildFile; fileRef = 615596311E1E178000F6EE4C /* Home.storyboard */; };
		615596471E1E178000F6EE4C /* IRLiveViewController.swift in Sources */ = {isa = PBXBuildFile; fileRef = 615596341E1E178000F6EE4C /* IRLiveViewController.swift */; };
		615596481E1E178000F6EE4C /* Live.storyboard in Resources */ = {isa = PBXBuildFile; fileRef = 615596371E1E178000F6EE4C /* Live.storyboard */; };
		615596491E1E178000F6EE4C /* IRProfileViewController.swift in Sources */ = {isa = PBXBuildFile; fileRef = 6155963A1E1E178000F6EE4C /* IRProfileViewController.swift */; };
		6155964A1E1E178000F6EE4C /* Profile.storyboard in Resources */ = {isa = PBXBuildFile; fileRef = 6155963D1E1E178000F6EE4C /* Profile.storyboard */; };
		6155964B1E1E178000F6EE4C /* IRBaseNavigationController.swift in Sources */ = {isa = PBXBuildFile; fileRef = 615596401E1E178000F6EE4C /* IRBaseNavigationController.swift */; };
		6155964C1E1E178000F6EE4C /* IRBaseTabBarController.swift in Sources */ = {isa = PBXBuildFile; fileRef = 615596411E1E178000F6EE4C /* IRBaseTabBarController.swift */; };
		6155964F1E1E4CAE00F6EE4C /* UIBarButtonItem_Extension.swift in Sources */ = {isa = PBXBuildFile; fileRef = 6155964E1E1E4CAE00F6EE4C /* UIBarButtonItem_Extension.swift */; };
		615DE1FE1E2E105E005ADD73 /* IRCycleModel.swift in Sources */ = {isa = PBXBuildFile; fileRef = 615DE1FD1E2E105E005ADD73 /* IRCycleModel.swift */; };
		615DE2031E2E15BA005ADD73 /* IRCollectionCycleCell.swift in Sources */ = {isa = PBXBuildFile; fileRef = 615DE2011E2E15BA005ADD73 /* IRCollectionCycleCell.swift */; };
		615DE2041E2E15BA005ADD73 /* IRCollectionCycleCell.xib in Resources */ = {isa = PBXBuildFile; fileRef = 615DE2021E2E15BA005ADD73 /* IRCollectionCycleCell.xib */; };
		6165A1591E35CFF30077B6C3 /* IRRoomShowViewController.swift in Sources */ = {isa = PBXBuildFile; fileRef = 6165A1581E35CFF30077B6C3 /* IRRoomShowViewController.swift */; };
		6165A15B1E35D0290077B6C3 /* IRRoomNormalViewController.swift in Sources */ = {isa = PBXBuildFile; fileRef = 6165A15A1E35D0290077B6C3 /* IRRoomNormalViewController.swift */; };
		6172F9A51E347CEB003A6E96 /* IRFunnyViewController.swift in Sources */ = {isa = PBXBuildFile; fileRef = 6172F9A41E347CEB003A6E96 /* IRFunnyViewController.swift */; };
		6172F9A71E34941C003A6E96 /* IRFunnyViewModel.swift in Sources */ = {isa = PBXBuildFile; fileRef = 6172F9A61E34941C003A6E96 /* IRFunnyViewModel.swift */; };
		6172F9A91E34A13B003A6E96 /* IRBaseViewController.swift in Sources */ = {isa = PBXBuildFile; fileRef = 6172F9A81E34A13B003A6E96 /* IRBaseViewController.swift */; };
		61A827BF1E25FF3D009C7F5D /* IRRecommendViewModel.swift in Sources */ = {isa = PBXBuildFile; fileRef = 61A827BE1E25FF3D009C7F5D /* IRRecommendViewModel.swift */; };
		61A827C11E26048A009C7F5D /* NSDate_Extension.swift in Sources */ = {isa = PBXBuildFile; fileRef = 61A827C01E26048A009C7F5D /* NSDate_Extension.swift */; };
		61BD50011E1CFF7C001C1462 /* AppDelegate.swift in Sources */ = {isa = PBXBuildFile; fileRef = 61BD50001E1CFF7C001C1462 /* AppDelegate.swift */; };
		61BD50081E1CFF7C001C1462 /* Assets.xcassets in Resources */ = {isa = PBXBuildFile; fileRef = 61BD50071E1CFF7C001C1462 /* Assets.xcassets */; };
		61BD50161E1CFF7C001C1462 /* IRDouYuZBSwiftTests.swift in Sources */ = {isa = PBXBuildFile; fileRef = 61BD50151E1CFF7C001C1462 /* IRDouYuZBSwiftTests.swift */; };
		61BD50211E1CFF7C001C1462 /* IRDouYuZBSwiftUITests.swift in Sources */ = {isa = PBXBuildFile; fileRef = 61BD50201E1CFF7C001C1462 /* IRDouYuZBSwiftUITests.swift */; };
		61CEACA91E2F728000A275F9 /* IRGameViewController.swift in Sources */ = {isa = PBXBuildFile; fileRef = 61CEACA81E2F728000A275F9 /* IRGameViewController.swift */; };
		61D65F021E2F16CB00993BEA /* IRRecommendGameView.swift in Sources */ = {isa = PBXBuildFile; fileRef = 61D65F011E2F16CB00993BEA /* IRRecommendGameView.swift */; };
		61D65F041E2F16D600993BEA /* IRRecommendGameView.xib in Resources */ = {isa = PBXBuildFile; fileRef = 61D65F031E2F16D600993BEA /* IRRecommendGameView.xib */; };
		61D65F091E2F468900993BEA /* IRCollectionGameCell.swift in Sources */ = {isa = PBXBuildFile; fileRef = 61D65F071E2F468900993BEA /* IRCollectionGameCell.swift */; };
		61D65F0A1E2F468900993BEA /* IRCollectionGameCell.xib in Resources */ = {isa = PBXBuildFile; fileRef = 61D65F081E2F468900993BEA /* IRCollectionGameCell.xib */; };
		61DB6CB71E247D1C00134B81 /* IRRecommendViewController.swift in Sources */ = {isa = PBXBuildFile; fileRef = 61DB6CB61E247D1C00134B81 /* IRRecommendViewController.swift */; };
		61DB6CBA1E24AA7200134B81 /* IRCollectionHeaderView.swift in Sources */ = {isa = PBXBuildFile; fileRef = 61DB6CB81E24AA7200134B81 /* IRCollectionHeaderView.swift */; };
		61DB6CBB1E24AA7200134B81 /* IRCollectionHeaderView.xib in Resources */ = {isa = PBXBuildFile; fileRef = 61DB6CB91E24AA7200134B81 /* IRCollectionHeaderView.xib */; };
		61DB6CBF1E24C1D600134B81 /* IRCollectionNormalCell.swift in Sources */ = {isa = PBXBuildFile; fileRef = 61DB6CBD1E24C1D600134B81 /* IRCollectionNormalCell.swift */; };
		61DB6CC01E24C1D600134B81 /* IRCollectionNormalCell.xib in Resources */ = {isa = PBXBuildFile; fileRef = 61DB6CBE1E24C1D600134B81 /* IRCollectionNormalCell.xib */; };
		61DB6CC51E24CA1F00134B81 /* IRCollectionPrettyCell.swift in Sources */ = {isa = PBXBuildFile; fileRef = 61DB6CC31E24CA1F00134B81 /* IRCollectionPrettyCell.swift */; };
		61DB6CC61E24CA1F00134B81 /* IRCollectionPrettyCell.xib in Resources */ = {isa = PBXBuildFile; fileRef = 61DB6CC41E24CA1F00134B81 /* IRCollectionPrettyCell.xib */; };
		61F5D9A91E31EADE00D91799 /* IRAmuseViewModel.swift in Sources */ = {isa = PBXBuildFile; fileRef = 61F5D9A81E31EADE00D91799 /* IRAmuseViewModel.swift */; };
		61F5D9AC1E31EF1700D91799 /* IRBaseViewModel.swift in Sources */ = {isa = PBXBuildFile; fileRef = 61F5D9AB1E31EF1700D91799 /* IRBaseViewModel.swift */; };
		61F5D9AE1E31F40B00D91799 /* IRBaseAnchorViewController.swift in Sources */ = {isa = PBXBuildFile; fileRef = 61F5D9AD1E31F40B00D91799 /* IRBaseAnchorViewController.swift */; };
		61F5D9B11E32093F00D91799 /* IRAmuseMenuView.swift in Sources */ = {isa = PBXBuildFile; fileRef = 61F5D9B01E32093F00D91799 /* IRAmuseMenuView.swift */; };
		61F5D9B31E32096800D91799 /* IRAmuseMenuView.xib in Resources */ = {isa = PBXBuildFile; fileRef = 61F5D9B21E32096800D91799 /* IRAmuseMenuView.xib */; };
		61F5D9B81E3212B300D91799 /* IRAmuseMenuViewCell.swift in Sources */ = {isa = PBXBuildFile; fileRef = 61F5D9B61E3212B300D91799 /* IRAmuseMenuViewCell.swift */; };
		61F5D9B91E3212B300D91799 /* IRAmuseMenuViewCell.xib in Resources */ = {isa = PBXBuildFile; fileRef = 61F5D9B71E3212B300D91799 /* IRAmuseMenuViewCell.xib */; };
		8C0224138F12D7A7405E0CB5 /* Pods_IRDouYuZBSwift.framework in Frameworks */ = {isa = PBXBuildFile; fileRef = 52965EE2B45CFC1435C88D71 /* Pods_IRDouYuZBSwift.framework */; };
/* End PBXBuildFile section */

/* Begin PBXContainerItemProxy section */
		61BD50121E1CFF7C001C1462 /* PBXContainerItemProxy */ = {
			isa = PBXContainerItemProxy;
			containerPortal = 61BD4FF51E1CFF7C001C1462 /* Project object */;
			proxyType = 1;
			remoteGlobalIDString = 61BD4FFC1E1CFF7C001C1462;
			remoteInfo = IRDouYuZBSwift;
		};
		61BD501D1E1CFF7C001C1462 /* PBXContainerItemProxy */ = {
			isa = PBXContainerItemProxy;
			containerPortal = 61BD4FF51E1CFF7C001C1462 /* Project object */;
			proxyType = 1;
			remoteGlobalIDString = 61BD4FFC1E1CFF7C001C1462;
			remoteInfo = IRDouYuZBSwift;
		};
/* End PBXContainerItemProxy section */

/* Begin PBXFileReference section */
		52965EE2B45CFC1435C88D71 /* Pods_IRDouYuZBSwift.framework */ = {isa = PBXFileReference; explicitFileType = wrapper.framework; includeInIndex = 0; path = Pods_IRDouYuZBSwift.framework; sourceTree = BUILT_PRODUCTS_DIR; };
		6102AAC21E25DEF5004704CF /* NetworkTools.swift */ = {isa = PBXFileReference; fileEncoding = 4; lastKnownFileType = sourcecode.swift; path = NetworkTools.swift; sourceTree = "<group>"; };
		611D44D71E1F41D80075E1B6 /* IRPageTitleView.swift */ = {isa = PBXFileReference; fileEncoding = 4; lastKnownFileType = sourcecode.swift; path = IRPageTitleView.swift; sourceTree = "<group>"; };
		611D44D91E1F44720075E1B6 /* Common.swift */ = {isa = PBXFileReference; fileEncoding = 4; lastKnownFileType = sourcecode.swift; path = Common.swift; sourceTree = "<group>"; };
		611D44DB1E1F7CC40075E1B6 /* IRPageContentView.swift */ = {isa = PBXFileReference; fileEncoding = 4; lastKnownFileType = sourcecode.swift; path = IRPageContentView.swift; sourceTree = "<group>"; };
		611D44DD1E1F80CE0075E1B6 /* UIColor_Extension.swift */ = {isa = PBXFileReference; fileEncoding = 4; lastKnownFileType = sourcecode.swift; path = UIColor_Extension.swift; sourceTree = "<group>"; };
		613806831E28A7DB0067CFC9 /* IRAnchorGroup.swift */ = {isa = PBXFileReference; fileEncoding = 4; lastKnownFileType = sourcecode.swift; path = IRAnchorGroup.swift; sourceTree = "<group>"; };
		613806851E28C6B50067CFC9 /* IRAnchorModel.swift */ = {isa = PBXFileReference; fileEncoding = 4; lastKnownFileType = sourcecode.swift; path = IRAnchorModel.swift; sourceTree = "<group>"; };
		614E5A8A1E30A941000F5840 /* IRGameModel.swift */ = {isa = PBXFileReference; fileEncoding = 4; lastKnownFileType = sourcecode.swift; path = IRGameModel.swift; sourceTree = "<group>"; };
		614E5A8C1E30AADB000F5840 /* IRBaseGameModel.swift */ = {isa = PBXFileReference; fileEncoding = 4; lastKnownFileType = sourcecode.swift; path = IRBaseGameModel.swift; sourceTree = "<group>"; };
		614E5A8E1E30BBBE000F5840 /* IRGameViewModel.swift */ = {isa = PBXFileReference; fileEncoding = 4; lastKnownFileType = sourcecode.swift; path = IRGameViewModel.swift; sourceTree = "<group>"; };
		614E5A901E30C8A0000F5840 /* IRAmuseViewController.swift */ = {isa = PBXFileReference; fileEncoding = 4; lastKnownFileType = sourcecode.swift; path = IRAmuseViewController.swift; sourceTree = "<group>"; };
		6150404E1E2CB65D008FF501 /* IRCollectionBaseCell.swift */ = {isa = PBXFileReference; fileEncoding = 4; lastKnownFileType = sourcecode.swift; path = IRCollectionBaseCell.swift; sourceTree = "<group>"; };
		615040511E2CBF45008FF501 /* IRCycleView.swift */ = {isa = PBXFileReference; fileEncoding = 4; lastKnownFileType = sourcecode.swift; path = IRCycleView.swift; sourceTree = "<group>"; };
		615040531E2CBF65008FF501 /* IRCycleView.xib */ = {isa = PBXFileReference; fileEncoding = 4; lastKnownFileType = file.xib; path = IRCycleView.xib; sourceTree = "<group>"; };
		615596281E1E178000F6EE4C /* IRFollowViewController.swift */ = {isa = PBXFileReference; fileEncoding = 4; lastKnownFileType = sourcecode.swift; path = IRFollowViewController.swift; sourceTree = "<group>"; };
		6155962B1E1E178000F6EE4C /* Follow.storyboard */ = {isa = PBXFileReference; fileEncoding = 4; lastKnownFileType = file.storyboard; path = Follow.storyboard; sourceTree = "<group>"; };
		6155962E1E1E178000F6EE4C /* IRHomeViewController.swift */ = {isa = PBXFileReference; fileEncoding = 4; lastKnownFileType = sourcecode.swift; path = IRHomeViewController.swift; sourceTree = "<group>"; };
		615596311E1E178000F6EE4C /* Home.storyboard */ = {isa = PBXFileReference; fileEncoding = 4; lastKnownFileType = file.storyboard; name = Home.storyboard; path = ../View/Home.storyboard; sourceTree = "<group>"; };
		615596341E1E178000F6EE4C /* IRLiveViewController.swift */ = {isa = PBXFileReference; fileEncoding = 4; lastKnownFileType = sourcecode.swift; path = IRLiveViewController.swift; sourceTree = "<group>"; };
		615596371E1E178000F6EE4C /* Live.storyboard */ = {isa = PBXFileReference; fileEncoding = 4; lastKnownFileType = file.storyboard; path = Live.storyboard; sourceTree = "<group>"; };
		6155963A1E1E178000F6EE4C /* IRProfileViewController.swift */ = {isa = PBXFileReference; fileEncoding = 4; lastKnownFileType = sourcecode.swift; path = IRProfileViewController.swift; sourceTree = "<group>"; };
		6155963D1E1E178000F6EE4C /* Profile.storyboard */ = {isa = PBXFileReference; fileEncoding = 4; lastKnownFileType = file.storyboard; path = Profile.storyboard; sourceTree = "<group>"; };
		615596401E1E178000F6EE4C /* IRBaseNavigationController.swift */ = {isa = PBXFileReference; fileEncoding = 4; lastKnownFileType = sourcecode.swift; path = IRBaseNavigationController.swift; sourceTree = "<group>"; };
		615596411E1E178000F6EE4C /* IRBaseTabBarController.swift */ = {isa = PBXFileReference; fileEncoding = 4; lastKnownFileType = sourcecode.swift; path = IRBaseTabBarController.swift; sourceTree = "<group>"; };
		6155964E1E1E4CAE00F6EE4C /* UIBarButtonItem_Extension.swift */ = {isa = PBXFileReference; fileEncoding = 4; lastKnownFileType = sourcecode.swift; path = UIBarButtonItem_Extension.swift; sourceTree = "<group>"; };
		615DE1FD1E2E105E005ADD73 /* IRCycleModel.swift */ = {isa = PBXFileReference; fileEncoding = 4; lastKnownFileType = sourcecode.swift; path = IRCycleModel.swift; sourceTree = "<group>"; };
		615DE2011E2E15BA005ADD73 /* IRCollectionCycleCell.swift */ = {isa = PBXFileReference; fileEncoding = 4; lastKnownFileType = sourcecode.swift; path = IRCollectionCycleCell.swift; sourceTree = "<group>"; };
		615DE2021E2E15BA005ADD73 /* IRCollectionCycleCell.xib */ = {isa = PBXFileReference; fileEncoding = 4; lastKnownFileType = file.xib; path = IRCollectionCycleCell.xib; sourceTree = "<group>"; };
		6165A1581E35CFF30077B6C3 /* IRRoomShowViewController.swift */ = {isa = PBXFileReference; fileEncoding = 4; lastKnownFileType = sourcecode.swift; path = IRRoomShowViewController.swift; sourceTree = "<group>"; };
		6165A15A1E35D0290077B6C3 /* IRRoomNormalViewController.swift */ = {isa = PBXFileReference; fileEncoding = 4; lastKnownFileType = sourcecode.swift; path = IRRoomNormalViewController.swift; sourceTree = "<group>"; };
		6172F9A41E347CEB003A6E96 /* IRFunnyViewController.swift */ = {isa = PBXFileReference; fileEncoding = 4; lastKnownFileType = sourcecode.swift; path = IRFunnyViewController.swift; sourceTree = "<group>"; };
		6172F9A61E34941C003A6E96 /* IRFunnyViewModel.swift */ = {isa = PBXFileReference; fileEncoding = 4; lastKnownFileType = sourcecode.swift; path = IRFunnyViewModel.swift; sourceTree = "<group>"; };
		6172F9A81E34A13B003A6E96 /* IRBaseViewController.swift */ = {isa = PBXFileReference; fileEncoding = 4; lastKnownFileType = sourcecode.swift; path = IRBaseViewController.swift; sourceTree = "<group>"; };
		61A827BE1E25FF3D009C7F5D /* IRRecommendViewModel.swift */ = {isa = PBXFileReference; fileEncoding = 4; lastKnownFileType = sourcecode.swift; path = IRRecommendViewModel.swift; sourceTree = "<group>"; };
		61A827C01E26048A009C7F5D /* NSDate_Extension.swift */ = {isa = PBXFileReference; fileEncoding = 4; lastKnownFileType = sourcecode.swift; path = NSDate_Extension.swift; sourceTree = "<group>"; };
		61BD4FFD1E1CFF7C001C1462 /* IRDouYuZBSwift.app */ = {isa = PBXFileReference; explicitFileType = wrapper.application; includeInIndex = 0; path = IRDouYuZBSwift.app; sourceTree = BUILT_PRODUCTS_DIR; };
		61BD50001E1CFF7C001C1462 /* AppDelegate.swift */ = {isa = PBXFileReference; lastKnownFileType = sourcecode.swift; path = AppDelegate.swift; sourceTree = "<group>"; };
		61BD50071E1CFF7C001C1462 /* Assets.xcassets */ = {isa = PBXFileReference; lastKnownFileType = folder.assetcatalog; path = Assets.xcassets; sourceTree = "<group>"; };
		61BD500C1E1CFF7C001C1462 /* Info.plist */ = {isa = PBXFileReference; lastKnownFileType = text.plist.xml; path = Info.plist; sourceTree = "<group>"; };
		61BD50111E1CFF7C001C1462 /* IRDouYuZBSwiftTests.xctest */ = {isa = PBXFileReference; explicitFileType = wrapper.cfbundle; includeInIndex = 0; path = IRDouYuZBSwiftTests.xctest; sourceTree = BUILT_PRODUCTS_DIR; };
		61BD50151E1CFF7C001C1462 /* IRDouYuZBSwiftTests.swift */ = {isa = PBXFileReference; lastKnownFileType = sourcecode.swift; path = IRDouYuZBSwiftTests.swift; sourceTree = "<group>"; };
		61BD50171E1CFF7C001C1462 /* Info.plist */ = {isa = PBXFileReference; lastKnownFileType = text.plist.xml; path = Info.plist; sourceTree = "<group>"; };
		61BD501C1E1CFF7C001C1462 /* IRDouYuZBSwiftUITests.xctest */ = {isa = PBXFileReference; explicitFileType = wrapper.cfbundle; includeInIndex = 0; path = IRDouYuZBSwiftUITests.xctest; sourceTree = BUILT_PRODUCTS_DIR; };
		61BD50201E1CFF7C001C1462 /* IRDouYuZBSwiftUITests.swift */ = {isa = PBXFileReference; lastKnownFileType = sourcecode.swift; path = IRDouYuZBSwiftUITests.swift; sourceTree = "<group>"; };
		61BD50221E1CFF7C001C1462 /* Info.plist */ = {isa = PBXFileReference; lastKnownFileType = text.plist.xml; path = Info.plist; sourceTree = "<group>"; };
		61CEACA81E2F728000A275F9 /* IRGameViewController.swift */ = {isa = PBXFileReference; fileEncoding = 4; lastKnownFileType = sourcecode.swift; path = IRGameViewController.swift; sourceTree = "<group>"; };
		61D65F011E2F16CB00993BEA /* IRRecommendGameView.swift */ = {isa = PBXFileReference; fileEncoding = 4; lastKnownFileType = sourcecode.swift; path = IRRecommendGameView.swift; sourceTree = "<group>"; };
		61D65F031E2F16D600993BEA /* IRRecommendGameView.xib */ = {isa = PBXFileReference; fileEncoding = 4; lastKnownFileType = file.xib; path = IRRecommendGameView.xib; sourceTree = "<group>"; };
		61D65F071E2F468900993BEA /* IRCollectionGameCell.swift */ = {isa = PBXFileReference; fileEncoding = 4; lastKnownFileType = sourcecode.swift; path = IRCollectionGameCell.swift; sourceTree = "<group>"; };
		61D65F081E2F468900993BEA /* IRCollectionGameCell.xib */ = {isa = PBXFileReference; fileEncoding = 4; lastKnownFileType = file.xib; path = IRCollectionGameCell.xib; sourceTree = "<group>"; };
		61DB6CB61E247D1C00134B81 /* IRRecommendViewController.swift */ = {isa = PBXFileReference; fileEncoding = 4; lastKnownFileType = sourcecode.swift; path = IRRecommendViewController.swift; sourceTree = "<group>"; };
		61DB6CB81E24AA7200134B81 /* IRCollectionHeaderView.swift */ = {isa = PBXFileReference; fileEncoding = 4; lastKnownFileType = sourcecode.swift; path = IRCollectionHeaderView.swift; sourceTree = "<group>"; };
		61DB6CB91E24AA7200134B81 /* IRCollectionHeaderView.xib */ = {isa = PBXFileReference; fileEncoding = 4; lastKnownFileType = file.xib; path = IRCollectionHeaderView.xib; sourceTree = "<group>"; };
		61DB6CBD1E24C1D600134B81 /* IRCollectionNormalCell.swift */ = {isa = PBXFileReference; fileEncoding = 4; lastKnownFileType = sourcecode.swift; path = IRCollectionNormalCell.swift; sourceTree = "<group>"; };
		61DB6CBE1E24C1D600134B81 /* IRCollectionNormalCell.xib */ = {isa = PBXFileReference; fileEncoding = 4; lastKnownFileType = file.xib; path = IRCollectionNormalCell.xib; sourceTree = "<group>"; };
		61DB6CC31E24CA1F00134B81 /* IRCollectionPrettyCell.swift */ = {isa = PBXFileReference; fileEncoding = 4; lastKnownFileType = sourcecode.swift; path = IRCollectionPrettyCell.swift; sourceTree = "<group>"; };
		61DB6CC41E24CA1F00134B81 /* IRCollectionPrettyCell.xib */ = {isa = PBXFileReference; fileEncoding = 4; lastKnownFileType = file.xib; path = IRCollectionPrettyCell.xib; sourceTree = "<group>"; };
		61F5D9A81E31EADE00D91799 /* IRAmuseViewModel.swift */ = {isa = PBXFileReference; fileEncoding = 4; lastKnownFileType = sourcecode.swift; path = IRAmuseViewModel.swift; sourceTree = "<group>"; };
		61F5D9AB1E31EF1700D91799 /* IRBaseViewModel.swift */ = {isa = PBXFileReference; fileEncoding = 4; lastKnownFileType = sourcecode.swift; path = IRBaseViewModel.swift; sourceTree = "<group>"; };
		61F5D9AD1E31F40B00D91799 /* IRBaseAnchorViewController.swift */ = {isa = PBXFileReference; fileEncoding = 4; lastKnownFileType = sourcecode.swift; path = IRBaseAnchorViewController.swift; sourceTree = "<group>"; };
		61F5D9B01E32093F00D91799 /* IRAmuseMenuView.swift */ = {isa = PBXFileReference; fileEncoding = 4; lastKnownFileType = sourcecode.swift; path = IRAmuseMenuView.swift; sourceTree = "<group>"; };
		61F5D9B21E32096800D91799 /* IRAmuseMenuView.xib */ = {isa = PBXFileReference; fileEncoding = 4; lastKnownFileType = file.xib; path = IRAmuseMenuView.xib; sourceTree = "<group>"; };
		61F5D9B61E3212B300D91799 /* IRAmuseMenuViewCell.swift */ = {isa = PBXFileReference; fileEncoding = 4; lastKnownFileType = sourcecode.swift; path = IRAmuseMenuViewCell.swift; sourceTree = "<group>"; };
		61F5D9B71E3212B300D91799 /* IRAmuseMenuViewCell.xib */ = {isa = PBXFileReference; fileEncoding = 4; lastKnownFileType = file.xib; path = IRAmuseMenuViewCell.xib; sourceTree = "<group>"; };
		B77F5DCFBC7DA0A56130513E /* Pods-IRDouYuZBSwift.release.xcconfig */ = {isa = PBXFileReference; includeInIndex = 1; lastKnownFileType = text.xcconfig; name = "Pods-IRDouYuZBSwift.release.xcconfig"; path = "Pods/Target Support Files/Pods-IRDouYuZBSwift/Pods-IRDouYuZBSwift.release.xcconfig"; sourceTree = "<group>"; };
		E1E5A7CD998ED2E5B610044D /* Pods-IRDouYuZBSwift.debug.xcconfig */ = {isa = PBXFileReference; includeInIndex = 1; lastKnownFileType = text.xcconfig; name = "Pods-IRDouYuZBSwift.debug.xcconfig"; path = "Pods/Target Support Files/Pods-IRDouYuZBSwift/Pods-IRDouYuZBSwift.debug.xcconfig"; sourceTree = "<group>"; };
/* End PBXFileReference section */

/* Begin PBXFrameworksBuildPhase section */
		61BD4FFA1E1CFF7C001C1462 /* Frameworks */ = {
			isa = PBXFrameworksBuildPhase;
			buildActionMask = 2147483647;
			files = (
				8C0224138F12D7A7405E0CB5 /* Pods_IRDouYuZBSwift.framework in Frameworks */,
			);
			runOnlyForDeploymentPostprocessing = 0;
		};
		61BD500E1E1CFF7C001C1462 /* Frameworks */ = {
			isa = PBXFrameworksBuildPhase;
			buildActionMask = 2147483647;
			files = (
			);
			runOnlyForDeploymentPostprocessing = 0;
		};
		61BD50191E1CFF7C001C1462 /* Frameworks */ = {
			isa = PBXFrameworksBuildPhase;
			buildActionMask = 2147483647;
			files = (
			);
			runOnlyForDeploymentPostprocessing = 0;
		};
/* End PBXFrameworksBuildPhase section */

/* Begin PBXGroup section */
		5E652B132B4E3A76F03EBD73 /* Pods */ = {
			isa = PBXGroup;
			children = (
				E1E5A7CD998ED2E5B610044D /* Pods-IRDouYuZBSwift.debug.xcconfig */,
				B77F5DCFBC7DA0A56130513E /* Pods-IRDouYuZBSwift.release.xcconfig */,
			);
			name = Pods;
			sourceTree = "<group>";
		};
		611D44D51E1F41BA0075E1B6 /* Model */ = {
			isa = PBXGroup;
			children = (
				613806831E28A7DB0067CFC9 /* IRAnchorGroup.swift */,
				613806851E28C6B50067CFC9 /* IRAnchorModel.swift */,
				614E5A8C1E30AADB000F5840 /* IRBaseGameModel.swift */,
			);
			path = Model;
			sourceTree = "<group>";
		};
		611D44D61E1F41BA0075E1B6 /* View */ = {
			isa = PBXGroup;
			children = (
				61F5D9AF1E32092700D91799 /* AmuesMenu */,
				615040501E2CBF24008FF501 /* 图片轮播 */,
				611D44D71E1F41D80075E1B6 /* IRPageTitleView.swift */,
				611D44DB1E1F7CC40075E1B6 /* IRPageContentView.swift */,
				61DB6CBD1E24C1D600134B81 /* IRCollectionNormalCell.swift */,
				61DB6CBE1E24C1D600134B81 /* IRCollectionNormalCell.xib */,
				61DB6CC31E24CA1F00134B81 /* IRCollectionPrettyCell.swift */,
				61DB6CC41E24CA1F00134B81 /* IRCollectionPrettyCell.xib */,
				6150404E1E2CB65D008FF501 /* IRCollectionBaseCell.swift */,
			);
			path = View;
			sourceTree = "<group>";
		};
		615040501E2CBF24008FF501 /* 图片轮播 */ = {
			isa = PBXGroup;
			children = (
				615040511E2CBF45008FF501 /* IRCycleView.swift */,
				615040531E2CBF65008FF501 /* IRCycleView.xib */,
				615DE2011E2E15BA005ADD73 /* IRCollectionCycleCell.swift */,
				615DE2021E2E15BA005ADD73 /* IRCollectionCycleCell.xib */,
			);
			name = "图片轮播";
			path = cycleView;
			sourceTree = "<group>";
		};
		615596251E1E178000F6EE4C /* Classes */ = {
			isa = PBXGroup;
			children = (
				615596421E1E178000F6EE4C /* Tools */,
				6155963E1E1E178000F6EE4C /* Public */,
				6155962C1E1E178000F6EE4C /* Home */,
				6165A1541E35CF8F0077B6C3 /* Room */,
				615596261E1E178000F6EE4C /* Follow */,
				615596321E1E178000F6EE4C /* Live */,
				615596381E1E178000F6EE4C /* Profile */,
			);
			path = Classes;
			sourceTree = "<group>";
		};
		615596261E1E178000F6EE4C /* Follow */ = {
			isa = PBXGroup;
			children = (
				615596271E1E178000F6EE4C /* Controller */,
				615596291E1E178000F6EE4C /* Model */,
				6155962A1E1E178000F6EE4C /* View */,
			);
			path = Follow;
			sourceTree = "<group>";
		};
		615596271E1E178000F6EE4C /* Controller */ = {
			isa = PBXGroup;
			children = (
				615596281E1E178000F6EE4C /* IRFollowViewController.swift */,
			);
			path = Controller;
			sourceTree = "<group>";
		};
		615596291E1E178000F6EE4C /* Model */ = {
			isa = PBXGroup;
			children = (
			);
			path = Model;
			sourceTree = "<group>";
		};
		6155962A1E1E178000F6EE4C /* View */ = {
			isa = PBXGroup;
			children = (
				6155962B1E1E178000F6EE4C /* Follow.storyboard */,
			);
			path = View;
			sourceTree = "<group>";
		};
		6155962C1E1E178000F6EE4C /* Home */ = {
			isa = PBXGroup;
			children = (
				61A827BD1E25FEA7009C7F5D /* ViewModel */,
				6155962D1E1E178000F6EE4C /* Controller */,
				6155962F1E1E178000F6EE4C /* Model */,
				615596301E1E178000F6EE4C /* View */,
			);
			path = Home;
			sourceTree = "<group>";
		};
		6155962D1E1E178000F6EE4C /* Controller */ = {
			isa = PBXGroup;
			children = (
				615596311E1E178000F6EE4C /* Home.storyboard */,
				6155962E1E1E178000F6EE4C /* IRHomeViewController.swift */,
				61DB6CB61E247D1C00134B81 /* IRRecommendViewController.swift */,
				61CEACA81E2F728000A275F9 /* IRGameViewController.swift */,
				614E5A901E30C8A0000F5840 /* IRAmuseViewController.swift */,
				6172F9A41E347CEB003A6E96 /* IRFunnyViewController.swift */,
			);
			path = Controller;
			sourceTree = "<group>";
		};
		6155962F1E1E178000F6EE4C /* Model */ = {
			isa = PBXGroup;
			children = (
				615DE1FD1E2E105E005ADD73 /* IRCycleModel.swift */,
				614E5A8A1E30A941000F5840 /* IRGameModel.swift */,
			);
			path = Model;
			sourceTree = "<group>";
		};
		615596301E1E178000F6EE4C /* View */ = {
			isa = PBXGroup;
			children = (
				61DB6CB81E24AA7200134B81 /* IRCollectionHeaderView.swift */,
				61DB6CB91E24AA7200134B81 /* IRCollectionHeaderView.xib */,
				61D65F011E2F16CB00993BEA /* IRRecommendGameView.swift */,
				61D65F031E2F16D600993BEA /* IRRecommendGameView.xib */,
				61D65F071E2F468900993BEA /* IRCollectionGameCell.swift */,
				61D65F081E2F468900993BEA /* IRCollectionGameCell.xib */,
			);
			path = View;
			sourceTree = "<group>";
		};
		615596321E1E178000F6EE4C /* Live */ = {
			isa = PBXGroup;
			children = (
				615596331E1E178000F6EE4C /* Controller */,
				615596351E1E178000F6EE4C /* Model */,
				615596361E1E178000F6EE4C /* View */,
			);
			path = Live;
			sourceTree = "<group>";
		};
		615596331E1E178000F6EE4C /* Controller */ = {
			isa = PBXGroup;
			children = (
				615596341E1E178000F6EE4C /* IRLiveViewController.swift */,
			);
			path = Controller;
			sourceTree = "<group>";
		};
		615596351E1E178000F6EE4C /* Model */ = {
			isa = PBXGroup;
			children = (
			);
			path = Model;
			sourceTree = "<group>";
		};
		615596361E1E178000F6EE4C /* View */ = {
			isa = PBXGroup;
			children = (
				615596371E1E178000F6EE4C /* Live.storyboard */,
			);
			path = View;
			sourceTree = "<group>";
		};
		615596381E1E178000F6EE4C /* Profile */ = {
			isa = PBXGroup;
			children = (
				615596391E1E178000F6EE4C /* Controller */,
				6155963B1E1E178000F6EE4C /* Model */,
				6155963C1E1E178000F6EE4C /* View */,
			);
			path = Profile;
			sourceTree = "<group>";
		};
		615596391E1E178000F6EE4C /* Controller */ = {
			isa = PBXGroup;
			children = (
				6155963A1E1E178000F6EE4C /* IRProfileViewController.swift */,
			);
			path = Controller;
			sourceTree = "<group>";
		};
		6155963B1E1E178000F6EE4C /* Model */ = {
			isa = PBXGroup;
			children = (
			);
			path = Model;
			sourceTree = "<group>";
		};
		6155963C1E1E178000F6EE4C /* View */ = {
			isa = PBXGroup;
			children = (
				6155963D1E1E178000F6EE4C /* Profile.storyboard */,
			);
			path = View;
			sourceTree = "<group>";
		};
		6155963E1E1E178000F6EE4C /* Public */ = {
			isa = PBXGroup;
			children = (
				61F5D9AA1E31EF0900D91799 /* ViewModel */,
				611D44D51E1F41BA0075E1B6 /* Model */,
				611D44D61E1F41BA0075E1B6 /* View */,
				6155963F1E1E178000F6EE4C /* Controller */,
			);
			path = Public;
			sourceTree = "<group>";
		};
		6155963F1E1E178000F6EE4C /* Controller */ = {
			isa = PBXGroup;
			children = (
				615596401E1E178000F6EE4C /* IRBaseNavigationController.swift */,
				615596411E1E178000F6EE4C /* IRBaseTabBarController.swift */,
				61F5D9AD1E31F40B00D91799 /* IRBaseAnchorViewController.swift */,
				6172F9A81E34A13B003A6E96 /* IRBaseViewController.swift */,
			);
			path = Controller;
			sourceTree = "<group>";
		};
		615596421E1E178000F6EE4C /* Tools */ = {
			isa = PBXGroup;
			children = (
				6155964D1E1E4C7D00F6EE4C /* Extension */,
				611D44D91E1F44720075E1B6 /* Common.swift */,
				6102AAC21E25DEF5004704CF /* NetworkTools.swift */,
			);
			path = Tools;
			sourceTree = "<group>";
		};
		6155964D1E1E4C7D00F6EE4C /* Extension */ = {
			isa = PBXGroup;
			children = (
				6155964E1E1E4CAE00F6EE4C /* UIBarButtonItem_Extension.swift */,
				611D44DD1E1F80CE0075E1B6 /* UIColor_Extension.swift */,
				61A827C01E26048A009C7F5D /* NSDate_Extension.swift */,
			);
			path = Extension;
			sourceTree = "<group>";
		};
		6165A1541E35CF8F0077B6C3 /* Room */ = {
			isa = PBXGroup;
			children = (
				6165A1551E35CF8F0077B6C3 /* Controller */,
				6165A1561E35CF8F0077B6C3 /* Model */,
				6165A1571E35CF8F0077B6C3 /* View */,
			);
			path = Room;
			sourceTree = "<group>";
		};
		6165A1551E35CF8F0077B6C3 /* Controller */ = {
			isa = PBXGroup;
			children = (
				6165A1581E35CFF30077B6C3 /* IRRoomShowViewController.swift */,
				6165A15A1E35D0290077B6C3 /* IRRoomNormalViewController.swift */,
			);
			path = Controller;
			sourceTree = "<group>";
		};
		6165A1561E35CF8F0077B6C3 /* Model */ = {
			isa = PBXGroup;
			children = (
			);
			path = Model;
			sourceTree = "<group>";
		};
		6165A1571E35CF8F0077B6C3 /* View */ = {
			isa = PBXGroup;
			children = (
			);
			path = View;
			sourceTree = "<group>";
		};
		61A827BD1E25FEA7009C7F5D /* ViewModel */ = {
			isa = PBXGroup;
			children = (
				614E5A8E1E30BBBE000F5840 /* IRGameViewModel.swift */,
				61A827BE1E25FF3D009C7F5D /* IRRecommendViewModel.swift */,
				61F5D9A81E31EADE00D91799 /* IRAmuseViewModel.swift */,
				6172F9A61E34941C003A6E96 /* IRFunnyViewModel.swift */,
			);
			path = ViewModel;
			sourceTree = "<group>";
		};
		61BD4FF41E1CFF7C001C1462 = {
			isa = PBXGroup;
			children = (
				61BD4FFF1E1CFF7C001C1462 /* IRDouYuZBSwift */,
				61BD50141E1CFF7C001C1462 /* IRDouYuZBSwiftTests */,
				61BD501F1E1CFF7C001C1462 /* IRDouYuZBSwiftUITests */,
				61BD4FFE1E1CFF7C001C1462 /* Products */,
				5E652B132B4E3A76F03EBD73 /* Pods */,
				ACEE867C5103CA9A9C05C872 /* Frameworks */,
			);
			sourceTree = "<group>";
		};
		61BD4FFE1E1CFF7C001C1462 /* Products */ = {
			isa = PBXGroup;
			children = (
				61BD4FFD1E1CFF7C001C1462 /* IRDouYuZBSwift.app */,
				61BD50111E1CFF7C001C1462 /* IRDouYuZBSwiftTests.xctest */,
				61BD501C1E1CFF7C001C1462 /* IRDouYuZBSwiftUITests.xctest */,
			);
			name = Products;
			sourceTree = "<group>";
		};
		61BD4FFF1E1CFF7C001C1462 /* IRDouYuZBSwift */ = {
			isa = PBXGroup;
			children = (
				61BD50001E1CFF7C001C1462 /* AppDelegate.swift */,
				615596251E1E178000F6EE4C /* Classes */,
				61BD50071E1CFF7C001C1462 /* Assets.xcassets */,
				61BD500C1E1CFF7C001C1462 /* Info.plist */,
			);
			path = IRDouYuZBSwift;
			sourceTree = "<group>";
		};
		61BD50141E1CFF7C001C1462 /* IRDouYuZBSwiftTests */ = {
			isa = PBXGroup;
			children = (
				61BD50151E1CFF7C001C1462 /* IRDouYuZBSwiftTests.swift */,
				61BD50171E1CFF7C001C1462 /* Info.plist */,
			);
			path = IRDouYuZBSwiftTests;
			sourceTree = "<group>";
		};
		61BD501F1E1CFF7C001C1462 /* IRDouYuZBSwiftUITests */ = {
			isa = PBXGroup;
			children = (
				61BD50201E1CFF7C001C1462 /* IRDouYuZBSwiftUITests.swift */,
				61BD50221E1CFF7C001C1462 /* Info.plist */,
			);
			path = IRDouYuZBSwiftUITests;
			sourceTree = "<group>";
		};
		61F5D9AA1E31EF0900D91799 /* ViewModel */ = {
			isa = PBXGroup;
			children = (
				61F5D9AB1E31EF1700D91799 /* IRBaseViewModel.swift */,
			);
			path = ViewModel;
			sourceTree = "<group>";
		};
		61F5D9AF1E32092700D91799 /* AmuesMenu */ = {
			isa = PBXGroup;
			children = (
				61F5D9B01E32093F00D91799 /* IRAmuseMenuView.swift */,
				61F5D9B21E32096800D91799 /* IRAmuseMenuView.xib */,
				61F5D9B61E3212B300D91799 /* IRAmuseMenuViewCell.swift */,
				61F5D9B71E3212B300D91799 /* IRAmuseMenuViewCell.xib */,
			);
			name = AmuesMenu;
			sourceTree = "<group>";
		};
		ACEE867C5103CA9A9C05C872 /* Frameworks */ = {
			isa = PBXGroup;
			children = (
				52965EE2B45CFC1435C88D71 /* Pods_IRDouYuZBSwift.framework */,
			);
			name = Frameworks;
			sourceTree = "<group>";
		};
/* End PBXGroup section */

/* Begin PBXNativeTarget section */
		61BD4FFC1E1CFF7C001C1462 /* IRDouYuZBSwift */ = {
			isa = PBXNativeTarget;
			buildConfigurationList = 61BD50251E1CFF7C001C1462 /* Build configuration list for PBXNativeTarget "IRDouYuZBSwift" */;
			buildPhases = (
				DA43003B9DF438AE34AFA6D6 /* [CP] Check Pods Manifest.lock */,
				61BD4FF91E1CFF7C001C1462 /* Sources */,
				61BD4FFA1E1CFF7C001C1462 /* Frameworks */,
				61BD4FFB1E1CFF7C001C1462 /* Resources */,
				3E115E9F4F876D8A331DF5B7 /* [CP] Embed Pods Frameworks */,
				5A7534B08C6AAA8CDADA62D1 /* [CP] Copy Pods Resources */,
			);
			buildRules = (
			);
			dependencies = (
			);
			name = IRDouYuZBSwift;
			productName = IRDouYuZBSwift;
			productReference = 61BD4FFD1E1CFF7C001C1462 /* IRDouYuZBSwift.app */;
			productType = "com.apple.product-type.application";
		};
		61BD50101E1CFF7C001C1462 /* IRDouYuZBSwiftTests */ = {
			isa = PBXNativeTarget;
			buildConfigurationList = 61BD50281E1CFF7C001C1462 /* Build configuration list for PBXNativeTarget "IRDouYuZBSwiftTests" */;
			buildPhases = (
				61BD500D1E1CFF7C001C1462 /* Sources */,
				61BD500E1E1CFF7C001C1462 /* Frameworks */,
				61BD500F1E1CFF7C001C1462 /* Resources */,
			);
			buildRules = (
			);
			dependencies = (
				61BD50131E1CFF7C001C1462 /* PBXTargetDependency */,
			);
			name = IRDouYuZBSwiftTests;
			productName = IRDouYuZBSwiftTests;
			productReference = 61BD50111E1CFF7C001C1462 /* IRDouYuZBSwiftTests.xctest */;
			productType = "com.apple.product-type.bundle.unit-test";
		};
		61BD501B1E1CFF7C001C1462 /* IRDouYuZBSwiftUITests */ = {
			isa = PBXNativeTarget;
			buildConfigurationList = 61BD502B1E1CFF7C001C1462 /* Build configuration list for PBXNativeTarget "IRDouYuZBSwiftUITests" */;
			buildPhases = (
				61BD50181E1CFF7C001C1462 /* Sources */,
				61BD50191E1CFF7C001C1462 /* Frameworks */,
				61BD501A1E1CFF7C001C1462 /* Resources */,
			);
			buildRules = (
			);
			dependencies = (
				61BD501E1E1CFF7C001C1462 /* PBXTargetDependency */,
			);
			name = IRDouYuZBSwiftUITests;
			productName = IRDouYuZBSwiftUITests;
			productReference = 61BD501C1E1CFF7C001C1462 /* IRDouYuZBSwiftUITests.xctest */;
			productType = "com.apple.product-type.bundle.ui-testing";
		};
/* End PBXNativeTarget section */

/* Begin PBXProject section */
		61BD4FF51E1CFF7C001C1462 /* Project object */ = {
			isa = PBXProject;
			attributes = {
				CLASSPREFIX = IR;
				LastSwiftUpdateCheck = 0820;
				LastUpgradeCheck = 0820;
				ORGANIZATIONNAME = ir;
				TargetAttributes = {
					61BD4FFC1E1CFF7C001C1462 = {
						CreatedOnToolsVersion = 8.2.1;
						ProvisioningStyle = Automatic;
					};
					61BD50101E1CFF7C001C1462 = {
						CreatedOnToolsVersion = 8.2.1;
						ProvisioningStyle = Automatic;
						TestTargetID = 61BD4FFC1E1CFF7C001C1462;
					};
					61BD501B1E1CFF7C001C1462 = {
						CreatedOnToolsVersion = 8.2.1;
						ProvisioningStyle = Automatic;
						TestTargetID = 61BD4FFC1E1CFF7C001C1462;
					};
				};
			};
			buildConfigurationList = 61BD4FF81E1CFF7C001C1462 /* Build configuration list for PBXProject "IRDouYuZBSwift" */;
			compatibilityVersion = "Xcode 3.2";
			developmentRegion = English;
			hasScannedForEncodings = 0;
			knownRegions = (
				en,
				Base,
			);
			mainGroup = 61BD4FF41E1CFF7C001C1462;
			productRefGroup = 61BD4FFE1E1CFF7C001C1462 /* Products */;
			projectDirPath = "";
			projectRoot = "";
			targets = (
				61BD4FFC1E1CFF7C001C1462 /* IRDouYuZBSwift */,
				61BD50101E1CFF7C001C1462 /* IRDouYuZBSwiftTests */,
				61BD501B1E1CFF7C001C1462 /* IRDouYuZBSwiftUITests */,
			);
		};
/* End PBXProject section */

/* Begin PBXResourcesBuildPhase section */
		61BD4FFB1E1CFF7C001C1462 /* Resources */ = {
			isa = PBXResourcesBuildPhase;
			buildActionMask = 2147483647;
			files = (
				615596461E1E178000F6EE4C /* Home.storyboard in Resources */,
				61BD50081E1CFF7C001C1462 /* Assets.xcassets in Resources */,
				61DB6CC61E24CA1F00134B81 /* IRCollectionPrettyCell.xib in Resources */,
				61D65F041E2F16D600993BEA /* IRRecommendGameView.xib in Resources */,
				61F5D9B91E3212B300D91799 /* IRAmuseMenuViewCell.xib in Resources */,
				615DE2041E2E15BA005ADD73 /* IRCollectionCycleCell.xib in Resources */,
				6155964A1E1E178000F6EE4C /* Profile.storyboard in Resources */,
				615596481E1E178000F6EE4C /* Live.storyboard in Resources */,
				61DB6CBB1E24AA7200134B81 /* IRCollectionHeaderView.xib in Resources */,
				61F5D9B31E32096800D91799 /* IRAmuseMenuView.xib in Resources */,
				61DB6CC01E24C1D600134B81 /* IRCollectionNormalCell.xib in Resources */,
				615040541E2CBF65008FF501 /* IRCycleView.xib in Resources */,
				61D65F0A1E2F468900993BEA /* IRCollectionGameCell.xib in Resources */,
				615596441E1E178000F6EE4C /* Follow.storyboard in Resources */,
			);
			runOnlyForDeploymentPostprocessing = 0;
		};
		61BD500F1E1CFF7C001C1462 /* Resources */ = {
			isa = PBXResourcesBuildPhase;
			buildActionMask = 2147483647;
			files = (
			);
			runOnlyForDeploymentPostprocessing = 0;
		};
		61BD501A1E1CFF7C001C1462 /* Resources */ = {
			isa = PBXResourcesBuildPhase;
			buildActionMask = 2147483647;
			files = (
			);
			runOnlyForDeploymentPostprocessing = 0;
		};
/* End PBXResourcesBuildPhase section */

/* Begin PBXShellScriptBuildPhase section */
		3E115E9F4F876D8A331DF5B7 /* [CP] Embed Pods Frameworks */ = {
			isa = PBXShellScriptBuildPhase;
			buildActionMask = 2147483647;
			files = (
			);
			inputPaths = (
			);
			name = "[CP] Embed Pods Frameworks";
			outputPaths = (
			);
			runOnlyForDeploymentPostprocessing = 0;
			shellPath = /bin/sh;
			shellScript = "\"${SRCROOT}/Pods/Target Support Files/Pods-IRDouYuZBSwift/Pods-IRDouYuZBSwift-frameworks.sh\"\n";
			showEnvVarsInLog = 0;
		};
		5A7534B08C6AAA8CDADA62D1 /* [CP] Copy Pods Resources */ = {
			isa = PBXShellScriptBuildPhase;
			buildActionMask = 2147483647;
			files = (
			);
			inputPaths = (
			);
			name = "[CP] Copy Pods Resources";
			outputPaths = (
			);
			runOnlyForDeploymentPostprocessing = 0;
			shellPath = /bin/sh;
			shellScript = "\"${SRCROOT}/Pods/Target Support Files/Pods-IRDouYuZBSwift/Pods-IRDouYuZBSwift-resources.sh\"\n";
			showEnvVarsInLog = 0;
		};
		DA43003B9DF438AE34AFA6D6 /* [CP] Check Pods Manifest.lock */ = {
			isa = PBXShellScriptBuildPhase;
			buildActionMask = 2147483647;
			files = (
			);
			inputPaths = (
			);
			name = "[CP] Check Pods Manifest.lock";
			outputPaths = (
			);
			runOnlyForDeploymentPostprocessing = 0;
			shellPath = /bin/sh;
			shellScript = "diff \"${PODS_ROOT}/../Podfile.lock\" \"${PODS_ROOT}/Manifest.lock\" > /dev/null\nif [ $? != 0 ] ; then\n    # print error to STDERR\n    echo \"error: The sandbox is not in sync with the Podfile.lock. Run 'pod install' or update your CocoaPods installation.\" >&2\n    exit 1\nfi\n";
			showEnvVarsInLog = 0;
		};
/* End PBXShellScriptBuildPhase section */

/* Begin PBXSourcesBuildPhase section */
		61BD4FF91E1CFF7C001C1462 /* Sources */ = {
			isa = PBXSourcesBuildPhase;
			buildActionMask = 2147483647;
			files = (
				61DB6CB71E247D1C00134B81 /* IRRecommendViewController.swift in Sources */,
				61CEACA91E2F728000A275F9 /* IRGameViewController.swift in Sources */,
				6102AAC31E25DEF5004704CF /* NetworkTools.swift in Sources */,
				61F5D9A91E31EADE00D91799 /* IRAmuseViewModel.swift in Sources */,
				61F5D9AE1E31F40B00D91799 /* IRBaseAnchorViewController.swift in Sources */,
				61A827BF1E25FF3D009C7F5D /* IRRecommendViewModel.swift in Sources */,
				615596431E1E178000F6EE4C /* IRFollowViewController.swift in Sources */,
				613806861E28C6B50067CFC9 /* IRAnchorModel.swift in Sources */,
				615DE2031E2E15BA005ADD73 /* IRCollectionCycleCell.swift in Sources */,
				61A827C11E26048A009C7F5D /* NSDate_Extension.swift in Sources */,
				6165A15B1E35D0290077B6C3 /* IRRoomNormalViewController.swift in Sources */,
				61F5D9B11E32093F00D91799 /* IRAmuseMenuView.swift in Sources */,
				61BD50011E1CFF7C001C1462 /* AppDelegate.swift in Sources */,
				6155964C1E1E178000F6EE4C /* IRBaseTabBarController.swift in Sources */,
				61D65F091E2F468900993BEA /* IRCollectionGameCell.swift in Sources */,
				614E5A911E30C8A0000F5840 /* IRAmuseViewController.swift in Sources */,
				61DB6CBF1E24C1D600134B81 /* IRCollectionNormalCell.swift in Sources */,
				614E5A8D1E30AADB000F5840 /* IRBaseGameModel.swift in Sources */,
				61F5D9B81E3212B300D91799 /* IRAmuseMenuViewCell.swift in Sources */,
				614E5A8F1E30BBBE000F5840 /* IRGameViewModel.swift in Sources */,
				611D44DC1E1F7CC40075E1B6 /* IRPageContentView.swift in Sources */,
				61DB6CC51E24CA1F00134B81 /* IRCollectionPrettyCell.swift in Sources */,
				6172F9A71E34941C003A6E96 /* IRFunnyViewModel.swift in Sources */,
				615596451E1E178000F6EE4C /* IRHomeViewController.swift in Sources */,
				6155964F1E1E4CAE00F6EE4C /* UIBarButtonItem_Extension.swift in Sources */,
				615596471E1E178000F6EE4C /* IRLiveViewController.swift in Sources */,
				613806841E28A7DB0067CFC9 /* IRAnchorGroup.swift in Sources */,
				611D44D81E1F41D80075E1B6 /* IRPageTitleView.swift in Sources */,
				6155964B1E1E178000F6EE4C /* IRBaseNavigationController.swift in Sources */,
				615DE1FE1E2E105E005ADD73 /* IRCycleModel.swift in Sources */,
				614E5A8B1E30A941000F5840 /* IRGameModel.swift in Sources */,
				61DB6CBA1E24AA7200134B81 /* IRCollectionHeaderView.swift in Sources */,
				615040521E2CBF45008FF501 /* IRCycleView.swift in Sources */,
				611D44DA1E1F44720075E1B6 /* Common.swift in Sources */,
				6172F9A51E347CEB003A6E96 /* IRFunnyViewController.swift in Sources */,
				6172F9A91E34A13B003A6E96 /* IRBaseViewController.swift in Sources */,
				615596491E1E178000F6EE4C /* IRProfileViewController.swift in Sources */,
				611D44DE1E1F80CE0075E1B6 /* UIColor_Extension.swift in Sources */,
				61D65F021E2F16CB00993BEA /* IRRecommendGameView.swift in Sources */,
				6165A1591E35CFF30077B6C3 /* IRRoomShowViewController.swift in Sources */,
				61F5D9AC1E31EF1700D91799 /* IRBaseViewModel.swift in Sources */,
				6150404F1E2CB65D008FF501 /* IRCollectionBaseCell.swift in Sources */,
			);
			runOnlyForDeploymentPostprocessing = 0;
		};
		61BD500D1E1CFF7C001C1462 /* Sources */ = {
			isa = PBXSourcesBuildPhase;
			buildActionMask = 2147483647;
			files = (
				61BD50161E1CFF7C001C1462 /* IRDouYuZBSwiftTests.swift in Sources */,
			);
			runOnlyForDeploymentPostprocessing = 0;
		};
		61BD50181E1CFF7C001C1462 /* Sources */ = {
			isa = PBXSourcesBuildPhase;
			buildActionMask = 2147483647;
			files = (
				61BD50211E1CFF7C001C1462 /* IRDouYuZBSwiftUITests.swift in Sources */,
			);
			runOnlyForDeploymentPostprocessing = 0;
		};
/* End PBXSourcesBuildPhase section */

/* Begin PBXTargetDependency section */
		61BD50131E1CFF7C001C1462 /* PBXTargetDependency */ = {
			isa = PBXTargetDependency;
			target = 61BD4FFC1E1CFF7C001C1462 /* IRDouYuZBSwift */;
			targetProxy = 61BD50121E1CFF7C001C1462 /* PBXContainerItemProxy */;
		};
		61BD501E1E1CFF7C001C1462 /* PBXTargetDependency */ = {
			isa = PBXTargetDependency;
			target = 61BD4FFC1E1CFF7C001C1462 /* IRDouYuZBSwift */;
			targetProxy = 61BD501D1E1CFF7C001C1462 /* PBXContainerItemProxy */;
		};
/* End PBXTargetDependency section */

/* Begin XCBuildConfiguration section */
		61BD50231E1CFF7C001C1462 /* Debug */ = {
			isa = XCBuildConfiguration;
			buildSettings = {
				ALWAYS_SEARCH_USER_PATHS = NO;
				CLANG_ANALYZER_NONNULL = YES;
				CLANG_CXX_LANGUAGE_STANDARD = "gnu++0x";
				CLANG_CXX_LIBRARY = "libc++";
				CLANG_ENABLE_MODULES = YES;
				CLANG_ENABLE_OBJC_ARC = YES;
				CLANG_WARN_BOOL_CONVERSION = YES;
				CLANG_WARN_CONSTANT_CONVERSION = YES;
				CLANG_WARN_DIRECT_OBJC_ISA_USAGE = YES_ERROR;
				CLANG_WARN_DOCUMENTATION_COMMENTS = YES;
				CLANG_WARN_EMPTY_BODY = YES;
				CLANG_WARN_ENUM_CONVERSION = YES;
				CLANG_WARN_INFINITE_RECURSION = YES;
				CLANG_WARN_INT_CONVERSION = YES;
				CLANG_WARN_OBJC_ROOT_CLASS = YES_ERROR;
				CLANG_WARN_SUSPICIOUS_MOVE = YES;
				CLANG_WARN_UNREACHABLE_CODE = YES;
				CLANG_WARN__DUPLICATE_METHOD_MATCH = YES;
				"CODE_SIGN_IDENTITY[sdk=iphoneos*]" = "iPhone Developer";
				COPY_PHASE_STRIP = NO;
				DEBUG_INFORMATION_FORMAT = dwarf;
				ENABLE_STRICT_OBJC_MSGSEND = YES;
				ENABLE_TESTABILITY = YES;
				GCC_C_LANGUAGE_STANDARD = gnu99;
				GCC_DYNAMIC_NO_PIC = NO;
				GCC_NO_COMMON_BLOCKS = YES;
				GCC_OPTIMIZATION_LEVEL = 0;
				GCC_PREPROCESSOR_DEFINITIONS = (
					"DEBUG=1",
					"$(inherited)",
				);
				GCC_WARN_64_TO_32_BIT_CONVERSION = YES;
				GCC_WARN_ABOUT_RETURN_TYPE = YES_ERROR;
				GCC_WARN_UNDECLARED_SELECTOR = YES;
				GCC_WARN_UNINITIALIZED_AUTOS = YES_AGGRESSIVE;
				GCC_WARN_UNUSED_FUNCTION = YES;
				GCC_WARN_UNUSED_VARIABLE = YES;
				IPHONEOS_DEPLOYMENT_TARGET = 10.2;
				MTL_ENABLE_DEBUG_INFO = YES;
				ONLY_ACTIVE_ARCH = YES;
				SDKROOT = iphoneos;
				SWIFT_ACTIVE_COMPILATION_CONDITIONS = DEBUG;
				SWIFT_OPTIMIZATION_LEVEL = "-Onone";
			};
			name = Debug;
		};
		61BD50241E1CFF7C001C1462 /* Release */ = {
			isa = XCBuildConfiguration;
			buildSettings = {
				ALWAYS_SEARCH_USER_PATHS = NO;
				CLANG_ANALYZER_NONNULL = YES;
				CLANG_CXX_LANGUAGE_STANDARD = "gnu++0x";
				CLANG_CXX_LIBRARY = "libc++";
				CLANG_ENABLE_MODULES = YES;
				CLANG_ENABLE_OBJC_ARC = YES;
				CLANG_WARN_BOOL_CONVERSION = YES;
				CLANG_WARN_CONSTANT_CONVERSION = YES;
				CLANG_WARN_DIRECT_OBJC_ISA_USAGE = YES_ERROR;
				CLANG_WARN_DOCUMENTATION_COMMENTS = YES;
				CLANG_WARN_EMPTY_BODY = YES;
				CLANG_WARN_ENUM_CONVERSION = YES;
				CLANG_WARN_INFINITE_RECURSION = YES;
				CLANG_WARN_INT_CONVERSION = YES;
				CLANG_WARN_OBJC_ROOT_CLASS = YES_ERROR;
				CLANG_WARN_SUSPICIOUS_MOVE = YES;
				CLANG_WARN_UNREACHABLE_CODE = YES;
				CLANG_WARN__DUPLICATE_METHOD_MATCH = YES;
				"CODE_SIGN_IDENTITY[sdk=iphoneos*]" = "iPhone Developer";
				COPY_PHASE_STRIP = NO;
				DEBUG_INFORMATION_FORMAT = "dwarf-with-dsym";
				ENABLE_NS_ASSERTIONS = NO;
				ENABLE_STRICT_OBJC_MSGSEND = YES;
				GCC_C_LANGUAGE_STANDARD = gnu99;
				GCC_NO_COMMON_BLOCKS = YES;
				GCC_WARN_64_TO_32_BIT_CONVERSION = YES;
				GCC_WARN_ABOUT_RETURN_TYPE = YES_ERROR;
				GCC_WARN_UNDECLARED_SELECTOR = YES;
				GCC_WARN_UNINITIALIZED_AUTOS = YES_AGGRESSIVE;
				GCC_WARN_UNUSED_FUNCTION = YES;
				GCC_WARN_UNUSED_VARIABLE = YES;
				IPHONEOS_DEPLOYMENT_TARGET = 10.2;
				MTL_ENABLE_DEBUG_INFO = NO;
				SDKROOT = iphoneos;
				SWIFT_OPTIMIZATION_LEVEL = "-Owholemodule";
				VALIDATE_PRODUCT = YES;
			};
			name = Release;
		};
		61BD50261E1CFF7C001C1462 /* Debug */ = {
			isa = XCBuildConfiguration;
			baseConfigurationReference = E1E5A7CD998ED2E5B610044D /* Pods-IRDouYuZBSwift.debug.xcconfig */;
			buildSettings = {
				ALWAYS_EMBED_SWIFT_STANDARD_LIBRARIES = YES;
				ASSETCATALOG_COMPILER_APPICON_NAME = AppIcon;
				ASSETCATALOG_COMPILER_LAUNCHIMAGE_NAME = LaunchImage;
				DEVELOPMENT_TEAM = "";
				INFOPLIST_FILE = IRDouYuZBSwift/Info.plist;
				IPHONEOS_DEPLOYMENT_TARGET = 9.1;
				LD_RUNPATH_SEARCH_PATHS = "$(inherited) @executable_path/Frameworks";
				PRODUCT_BUNDLE_IDENTIFIER = com.ic.dy.IRDouYuZBSwift;
				PRODUCT_NAME = "$(TARGET_NAME)";
				SWIFT_VERSION = 3.0;
			};
			name = Debug;
		};
		61BD50271E1CFF7C001C1462 /* Release */ = {
			isa = XCBuildConfiguration;
			baseConfigurationReference = B77F5DCFBC7DA0A56130513E /* Pods-IRDouYuZBSwift.release.xcconfig */;
			buildSettings = {
				ALWAYS_EMBED_SWIFT_STANDARD_LIBRARIES = YES;
				ASSETCATALOG_COMPILER_APPICON_NAME = AppIcon;
				ASSETCATALOG_COMPILER_LAUNCHIMAGE_NAME = LaunchImage;
				DEVELOPMENT_TEAM = "";
				INFOPLIST_FILE = IRDouYuZBSwift/Info.plist;
				IPHONEOS_DEPLOYMENT_TARGET = 9.1;
				LD_RUNPATH_SEARCH_PATHS = "$(inherited) @executable_path/Frameworks";
				PRODUCT_BUNDLE_IDENTIFIER = com.ic.dy.IRDouYuZBSwift;
				PRODUCT_NAME = "$(TARGET_NAME)";
				SWIFT_VERSION = 3.0;
			};
			name = Release;
		};
		61BD50291E1CFF7C001C1462 /* Debug */ = {
			isa = XCBuildConfiguration;
			buildSettings = {
				ALWAYS_EMBED_SWIFT_STANDARD_LIBRARIES = YES;
				BUNDLE_LOADER = "$(TEST_HOST)";
				INFOPLIST_FILE = IRDouYuZBSwiftTests/Info.plist;
				LD_RUNPATH_SEARCH_PATHS = "$(inherited) @executable_path/Frameworks @loader_path/Frameworks";
				PRODUCT_BUNDLE_IDENTIFIER = com.ir.test.IRDouYuZBSwiftTests;
				PRODUCT_NAME = "$(TARGET_NAME)";
				SWIFT_VERSION = 3.0;
				TEST_HOST = "$(BUILT_PRODUCTS_DIR)/IRDouYuZBSwift.app/IRDouYuZBSwift";
			};
			name = Debug;
		};
		61BD502A1E1CFF7C001C1462 /* Release */ = {
			isa = XCBuildConfiguration;
			buildSettings = {
				ALWAYS_EMBED_SWIFT_STANDARD_LIBRARIES = YES;
				BUNDLE_LOADER = "$(TEST_HOST)";
				INFOPLIST_FILE = IRDouYuZBSwiftTests/Info.plist;
				LD_RUNPATH_SEARCH_PATHS = "$(inherited) @executable_path/Frameworks @loader_path/Frameworks";
				PRODUCT_BUNDLE_IDENTIFIER = com.ir.test.IRDouYuZBSwiftTests;
				PRODUCT_NAME = "$(TARGET_NAME)";
				SWIFT_VERSION = 3.0;
				TEST_HOST = "$(BUILT_PRODUCTS_DIR)/IRDouYuZBSwift.app/IRDouYuZBSwift";
			};
			name = Release;
		};
		61BD502C1E1CFF7C001C1462 /* Debug */ = {
			isa = XCBuildConfiguration;
			buildSettings = {
				ALWAYS_EMBED_SWIFT_STANDARD_LIBRARIES = YES;
				INFOPLIST_FILE = IRDouYuZBSwiftUITests/Info.plist;
				LD_RUNPATH_SEARCH_PATHS = "$(inherited) @executable_path/Frameworks @loader_path/Frameworks";
				PRODUCT_BUNDLE_IDENTIFIER = com.ir.test.IRDouYuZBSwiftUITests;
				PRODUCT_NAME = "$(TARGET_NAME)";
				SWIFT_VERSION = 3.0;
				TEST_TARGET_NAME = IRDouYuZBSwift;
			};
			name = Debug;
		};
		61BD502D1E1CFF7C001C1462 /* Release */ = {
			isa = XCBuildConfiguration;
			buildSettings = {
				ALWAYS_EMBED_SWIFT_STANDARD_LIBRARIES = YES;
				INFOPLIST_FILE = IRDouYuZBSwiftUITests/Info.plist;
				LD_RUNPATH_SEARCH_PATHS = "$(inherited) @executable_path/Frameworks @loader_path/Frameworks";
				PRODUCT_BUNDLE_IDENTIFIER = com.ir.test.IRDouYuZBSwiftUITests;
				PRODUCT_NAME = "$(TARGET_NAME)";
				SWIFT_VERSION = 3.0;
				TEST_TARGET_NAME = IRDouYuZBSwift;
			};
			name = Release;
		};
/* End XCBuildConfiguration section */

/* Begin XCConfigurationList section */
		61BD4FF81E1CFF7C001C1462 /* Build configuration list for PBXProject "IRDouYuZBSwift" */ = {
			isa = XCConfigurationList;
			buildConfigurations = (
				61BD50231E1CFF7C001C1462 /* Debug */,
				61BD50241E1CFF7C001C1462 /* Release */,
			);
			defaultConfigurationIsVisible = 0;
			defaultConfigurationName = Release;
		};
		61BD50251E1CFF7C001C1462 /* Build configuration list for PBXNativeTarget "IRDouYuZBSwift" */ = {
			isa = XCConfigurationList;
			buildConfigurations = (
				61BD50261E1CFF7C001C1462 /* Debug */,
				61BD50271E1CFF7C001C1462 /* Release */,
			);
			defaultConfigurationIsVisible = 0;
			defaultConfigurationName = Release;
		};
		61BD50281E1CFF7C001C1462 /* Build configuration list for PBXNativeTarget "IRDouYuZBSwiftTests" */ = {
			isa = XCConfigurationList;
			buildConfigurations = (
				61BD50291E1CFF7C001C1462 /* Debug */,
				61BD502A1E1CFF7C001C1462 /* Release */,
			);
			defaultConfigurationIsVisible = 0;
			defaultConfigurationName = Release;
		};
		61BD502B1E1CFF7C001C1462 /* Build configuration list for PBXNativeTarget "IRDouYuZBSwiftUITests" */ = {
			isa = XCConfigurationList;
			buildConfigurations = (
				61BD502C1E1CFF7C001C1462 /* Debug */,
				61BD502D1E1CFF7C001C1462 /* Release */,
			);
			defaultConfigurationIsVisible = 0;
			defaultConfigurationName = Release;
		};
/* End XCConfigurationList section */
	};
	rootObject = 61BD4FF51E1CFF7C001C1462 /* Project object */;
}
