// !$*UTF8*$!
{
	archiveVersion = 1;
	classes = {
	};
	objectVersion = 46;
	objects = {

/* Begin PBXBuildFile section */
		61BD50011E1CFF7C001C1462 /* AppDelegate.swift in Sources */ = {isa = PBXBuildFile; fileRef = 61BD50001E1CFF7C001C1462 /* AppDelegate.swift */; };
		61BD50031E1CFF7C001C1462 /* ViewController.swift in Sources */ = {isa = PBXBuildFile; fileRef = 61BD50021E1CFF7C001C1462 /* ViewController.swift */; };
		61BD50061E1CFF7C001C1462 /* Main.storyboard in Resources */ = {isa = PBXBuildFile; fileRef = 61BD50041E1CFF7C001C1462 /* Main.storyboard */; };
		61BD50081E1CFF7C001C1462 /* Assets.xcassets in Resources */ = {isa = PBXBuildFile; fileRef = 61BD50071E1CFF7C001C1462 /* Assets.xcassets */; };
		61BD500B1E1CFF7C001C1462 /* LaunchScreen.storyboard in Resources */ = {isa = PBXBuildFile; fileRef = 61BD50091E1CFF7C001C1462 /* LaunchScreen.storyboard */; };
		61BD50161E1CFF7C001C1462 /* IRDouYuZBSwiftTests.swift in Sources */ = {isa = PBXBuildFile; fileRef = 61BD50151E1CFF7C001C1462 /* IRDouYuZBSwiftTests.swift */; };
		61BD50211E1CFF7C001C1462 /* IRDouYuZBSwiftUITests.swift in Sources */ = {isa = PBXBuildFile; fileRef = 61BD50201E1CFF7C001C1462 /* IRDouYuZBSwiftUITests.swift */; };
/* End PBXBuildFile section */

/* Begin PBXContainerItemProxy section */
		61BD50121E1CFF7C001C1462 /* PBXContainerItemProxy */ = {
			isa = PBXContainerItemProxy;
			containerPortal = 61BD4FF51E1CFF7C001C1462 /* Project object */;
			proxyType = 1;
			remoteGlobalIDString = 61BD4FFC1E1CFF7C001C1462;
			remoteInfo = IRDouYuZBSwift;
		};
		61BD501D1E1CFF7C001C1462 /* PBXContainerItemProxy */ = {
			isa = PBXContainerItemProxy;
			containerPortal = 61BD4FF51E1CFF7C001C1462 /* Project object */;
			proxyType = 1;
			remoteGlobalIDString = 61BD4FFC1E1CFF7C001C1462;
			remoteInfo = IRDouYuZBSwift;
		};
/* End PBXContainerItemProxy section */

/* Begin PBXFileReference section */
		61BD4FFD1E1CFF7C001C1462 /* IRDouYuZBSwift.app */ = {isa = PBXFileReference; explicitFileType = wrapper.application; includeInIndex = 0; path = IRDouYuZBSwift.app; sourceTree = BUILT_PRODUCTS_DIR; };
		61BD50001E1CFF7C001C1462 /* AppDelegate.swift */ = {isa = PBXFileReference; lastKnownFileType = sourcecode.swift; path = AppDelegate.swift; sourceTree = "<group>"; };
		61BD50021E1CFF7C001C1462 /* ViewController.swift */ = {isa = PBXFileReference; lastKnownFileType = sourcecode.swift; path = ViewController.swift; sourceTree = "<group>"; };
		61BD50051E1CFF7C001C1462 /* Base */ = {isa = PBXFileReference; lastKnownFileType = file.storyboard; name = Base; path = Base.lproj/Main.storyboard; sourceTree = "<group>"; };
		61BD50071E1CFF7C001C1462 /* Assets.xcassets */ = {isa = PBXFileReference; lastKnownFileType = folder.assetcatalog; path = Assets.xcassets; sourceTree = "<group>"; };
		61BD500A1E1CFF7C001C1462 /* Base */ = {isa = PBXFileReference; lastKnownFileType = file.storyboard; name = Base; path = Base.lproj/LaunchScreen.storyboard; sourceTree = "<group>"; };
		61BD500C1E1CFF7C001C1462 /* Info.plist */ = {isa = PBXFileReference; lastKnownFileType = text.plist.xml; path = Info.plist; sourceTree = "<group>"; };
		61BD50111E1CFF7C001C1462 /* IRDouYuZBSwiftTests.xctest */ = {isa = PBXFileReference; explicitFileType = wrapper.cfbundle; includeInIndex = 0; path = IRDouYuZBSwiftTests.xctest; sourceTree = BUILT_PRODUCTS_DIR; };
		61BD50151E1CFF7C001C1462 /* IRDouYuZBSwiftTests.swift */ = {isa = PBXFileReference; lastKnownFileType = sourcecode.swift; path = IRDouYuZBSwiftTests.swift; sourceTree = "<group>"; };
		61BD50171E1CFF7C001C1462 /* Info.plist */ = {isa = PBXFileReference; lastKnownFileType = text.plist.xml; path = Info.plist; sourceTree = "<group>"; };
		61BD501C1E1CFF7C001C1462 /* IRDouYuZBSwiftUITests.xctest */ = {isa = PBXFileReference; explicitFileType = wrapper.cfbundle; includeInIndex = 0; path = IRDouYuZBSwiftUITests.xctest; sourceTree = BUILT_PRODUCTS_DIR; };
		61BD50201E1CFF7C001C1462 /* IRDouYuZBSwiftUITests.swift */ = {isa = PBXFileReference; lastKnownFileType = sourcecode.swift; path = IRDouYuZBSwiftUITests.swift; sourceTree = "<group>"; };
		61BD50221E1CFF7C001C1462 /* Info.plist */ = {isa = PBXFileReference; lastKnownFileType = text.plist.xml; path = Info.plist; sourceTree = "<group>"; };
/* End PBXFileReference section */

/* Begin PBXFrameworksBuildPhase section */
		61BD4FFA1E1CFF7C001C1462 /* Frameworks */ = {
			isa = PBXFrameworksBuildPhase;
			buildActionMask = 2147483647;
			files = (
			);
			runOnlyForDeploymentPostprocessing = 0;
		};
		61BD500E1E1CFF7C001C1462 /* Frameworks */ = {
			isa = PBXFrameworksBuildPhase;
			buildActionMask = 2147483647;
			files = (
			);
			runOnlyForDeploymentPostprocessing = 0;
		};
		61BD50191E1CFF7C001C1462 /* Frameworks */ = {
			isa = PBXFrameworksBuildPhase;
			buildActionMask = 2147483647;
			files = (
			);
			runOnlyForDeploymentPostprocessing = 0;
		};
/* End PBXFrameworksBuildPhase section */

/* Begin PBXGroup section */
		61BD4FF41E1CFF7C001C1462 = {
			isa = PBXGroup;
			children = (
				61BD4FFF1E1CFF7C001C1462 /* IRDouYuZBSwift */,
				61BD50141E1CFF7C001C1462 /* IRDouYuZBSwiftTests */,
				61BD501F1E1CFF7C001C1462 /* IRDouYuZBSwiftUITests */,
				61BD4FFE1E1CFF7C001C1462 /* Products */,
			);
			sourceTree = "<group>";
		};
		61BD4FFE1E1CFF7C001C1462 /* Products */ = {
			isa = PBXGroup;
			children = (
				61BD4FFD1E1CFF7C001C1462 /* IRDouYuZBSwift.app */,
				61BD50111E1CFF7C001C1462 /* IRDouYuZBSwiftTests.xctest */,
				61BD501C1E1CFF7C001C1462 /* IRDouYuZBSwiftUITests.xctest */,
			);
			name = Products;
			sourceTree = "<group>";
		};
		61BD4FFF1E1CFF7C001C1462 /* IRDouYuZBSwift */ = {
			isa = PBXGroup;
			children = (
				61BD50001E1CFF7C001C1462 /* AppDelegate.swift */,
				61BD50021E1CFF7C001C1462 /* ViewController.swift */,
				61BD50041E1CFF7C001C1462 /* Main.storyboard */,
				61BD50071E1CFF7C001C1462 /* Assets.xcassets */,
				61BD50091E1CFF7C001C1462 /* LaunchScreen.storyboard */,
				61BD500C1E1CFF7C001C1462 /* Info.plist */,
			);
			path = IRDouYuZBSwift;
			sourceTree = "<group>";
		};
		61BD50141E1CFF7C001C1462 /* IRDouYuZBSwiftTests */ = {
			isa = PBXGroup;
			children = (
				61BD50151E1CFF7C001C1462 /* IRDouYuZBSwiftTests.swift */,
				61BD50171E1CFF7C001C1462 /* Info.plist */,
			);
			path = IRDouYuZBSwiftTests;
			sourceTree = "<group>";
		};
		61BD501F1E1CFF7C001C1462 /* IRDouYuZBSwiftUITests */ = {
			isa = PBXGroup;
			children = (
				61BD50201E1CFF7C001C1462 /* IRDouYuZBSwiftUITests.swift */,
				61BD50221E1CFF7C001C1462 /* Info.plist */,
			);
			path = IRDouYuZBSwiftUITests;
			sourceTree = "<group>";
		};
/* End PBXGroup section */

/* Begin PBXNativeTarget section */
		61BD4FFC1E1CFF7C001C1462 /* IRDouYuZBSwift */ = {
			isa = PBXNativeTarget;
			buildConfigurationList = 61BD50251E1CFF7C001C1462 /* Build configuration list for PBXNativeTarget "IRDouYuZBSwift" */;
			buildPhases = (
				61BD4FF91E1CFF7C001C1462 /* Sources */,
				61BD4FFA1E1CFF7C001C1462 /* Frameworks */,
				61BD4FFB1E1CFF7C001C1462 /* Resources */,
			);
			buildRules = (
			);
			dependencies = (
			);
			name = IRDouYuZBSwift;
			productName = IRDouYuZBSwift;
			productReference = 61BD4FFD1E1CFF7C001C1462 /* IRDouYuZBSwift.app */;
			productType = "com.apple.product-type.application";
		};
		61BD50101E1CFF7C001C1462 /* IRDouYuZBSwiftTests */ = {
			isa = PBXNativeTarget;
			buildConfigurationList = 61BD50281E1CFF7C001C1462 /* Build configuration list for PBXNativeTarget "IRDouYuZBSwiftTests" */;
			buildPhases = (
				61BD500D1E1CFF7C001C1462 /* Sources */,
				61BD500E1E1CFF7C001C1462 /* Frameworks */,
				61BD500F1E1CFF7C001C1462 /* Resources */,
			);
			buildRules = (
			);
			dependencies = (
				61BD50131E1CFF7C001C1462 /* PBXTargetDependency */,
			);
			name = IRDouYuZBSwiftTests;
			productName = IRDouYuZBSwiftTests;
			productReference = 61BD50111E1CFF7C001C1462 /* IRDouYuZBSwiftTests.xctest */;
			productType = "com.apple.product-type.bundle.unit-test";
		};
		61BD501B1E1CFF7C001C1462 /* IRDouYuZBSwiftUITests */ = {
			isa = PBXNativeTarget;
			buildConfigurationList = 61BD502B1E1CFF7C001C1462 /* Build configuration list for PBXNativeTarget "IRDouYuZBSwiftUITests" */;
			buildPhases = (
				61BD50181E1CFF7C001C1462 /* Sources */,
				61BD50191E1CFF7C001C1462 /* Frameworks */,
				61BD501A1E1CFF7C001C1462 /* Resources */,
			);
			buildRules = (
			);
			dependencies = (
				61BD501E1E1CFF7C001C1462 /* PBXTargetDependency */,
			);
			name = IRDouYuZBSwiftUITests;
			productName = IRDouYuZBSwiftUITests;
			productReference = 61BD501C1E1CFF7C001C1462 /* IRDouYuZBSwiftUITests.xctest */;
			productType = "com.apple.product-type.bundle.ui-testing";
		};
/* End PBXNativeTarget section */

/* Begin PBXProject section */
		61BD4FF51E1CFF7C001C1462 /* Project object */ = {
			isa = PBXProject;
			attributes = {
				LastSwiftUpdateCheck = 0820;
				LastUpgradeCheck = 0820;
				ORGANIZATIONNAME = ir;
				TargetAttributes = {
					61BD4FFC1E1CFF7C001C1462 = {
						CreatedOnToolsVersion = 8.2.1;
						DevelopmentTeam = 4YVNK9L8DK;
						ProvisioningStyle = Automatic;
					};
					61BD50101E1CFF7C001C1462 = {
						CreatedOnToolsVersion = 8.2.1;
						ProvisioningStyle = Automatic;
						TestTargetID = 61BD4FFC1E1CFF7C001C1462;
					};
					61BD501B1E1CFF7C001C1462 = {
						CreatedOnToolsVersion = 8.2.1;
						ProvisioningStyle = Automatic;
						TestTargetID = 61BD4FFC1E1CFF7C001C1462;
					};
				};
			};
			buildConfigurationList = 61BD4FF81E1CFF7C001C1462 /* Build configuration list for PBXProject "IRDouYuZBSwift" */;
			compatibilityVersion = "Xcode 3.2";
			developmentRegion = English;
			hasScannedForEncodings = 0;
			knownRegions = (
				en,
				Base,
			);
			mainGroup = 61BD4FF41E1CFF7C001C1462;
			productRefGroup = 61BD4FFE1E1CFF7C001C1462 /* Products */;
			projectDirPath = "";
			projectRoot = "";
			targets = (
				61BD4FFC1E1CFF7C001C1462 /* IRDouYuZBSwift */,
				61BD50101E1CFF7C001C1462 /* IRDouYuZBSwiftTests */,
				61BD501B1E1CFF7C001C1462 /* IRDouYuZBSwiftUITests */,
			);
		};
/* End PBXProject section */

/* Begin PBXResourcesBuildPhase section */
		61BD4FFB1E1CFF7C001C1462 /* Resources */ = {
			isa = PBXResourcesBuildPhase;
			buildActionMask = 2147483647;
			files = (
				61BD500B1E1CFF7C001C1462 /* LaunchScreen.storyboard in Resources */,
				61BD50081E1CFF7C001C1462 /* Assets.xcassets in Resources */,
				61BD50061E1CFF7C001C1462 /* Main.storyboard in Resources */,
			);
			runOnlyForDeploymentPostprocessing = 0;
		};
		61BD500F1E1CFF7C001C1462 /* Resources */ = {
			isa = PBXResourcesBuildPhase;
			buildActionMask = 2147483647;
			files = (
			);
			runOnlyForDeploymentPostprocessing = 0;
		};
		61BD501A1E1CFF7C001C1462 /* Resources */ = {
			isa = PBXResourcesBuildPhase;
			buildActionMask = 2147483647;
			files = (
			);
			runOnlyForDeploymentPostprocessing = 0;
		};
/* End PBXResourcesBuildPhase section */

/* Begin PBXSourcesBuildPhase section */
		61BD4FF91E1CFF7C001C1462 /* Sources */ = {
			isa = PBXSourcesBuildPhase;
			buildActionMask = 2147483647;
			files = (
				61BD50031E1CFF7C001C1462 /* ViewController.swift in Sources */,
				61BD50011E1CFF7C001C1462 /* AppDelegate.swift in Sources */,
			);
			runOnlyForDeploymentPostprocessing = 0;
		};
		61BD500D1E1CFF7C001C1462 /* Sources */ = {
			isa = PBXSourcesBuildPhase;
			buildActionMask = 2147483647;
			files = (
				61BD50161E1CFF7C001C1462 /* IRDouYuZBSwiftTests.swift in Sources */,
			);
			runOnlyForDeploymentPostprocessing = 0;
		};
		61BD50181E1CFF7C001C1462 /* Sources */ = {
			isa = PBXSourcesBuildPhase;
			buildActionMask = 2147483647;
			files = (
				61BD50211E1CFF7C001C1462 /* IRDouYuZBSwiftUITests.swift in Sources */,
			);
			runOnlyForDeploymentPostprocessing = 0;
		};
/* End PBXSourcesBuildPhase section */

/* Begin PBXTargetDependency section */
		61BD50131E1CFF7C001C1462 /* PBXTargetDependency */ = {
			isa = PBXTargetDependency;
			target = 61BD4FFC1E1CFF7C001C1462 /* IRDouYuZBSwift */;
			targetProxy = 61BD50121E1CFF7C001C1462 /* PBXContainerItemProxy */;
		};
		61BD501E1E1CFF7C001C1462 /* PBXTargetDependency */ = {
			isa = PBXTargetDependency;
			target = 61BD4FFC1E1CFF7C001C1462 /* IRDouYuZBSwift */;
			targetProxy = 61BD501D1E1CFF7C001C1462 /* PBXContainerItemProxy */;
		};
/* End PBXTargetDependency section */

/* Begin PBXVariantGroup section */
		61BD50041E1CFF7C001C1462 /* Main.storyboard */ = {
			isa = PBXVariantGroup;
			children = (
				61BD50051E1CFF7C001C1462 /* Base */,
			);
			name = Main.storyboard;
			sourceTree = "<group>";
		};
		61BD50091E1CFF7C001C1462 /* LaunchScreen.storyboard */ = {
			isa = PBXVariantGroup;
			children = (
				61BD500A1E1CFF7C001C1462 /* Base */,
			);
			name = LaunchScreen.storyboard;
			sourceTree = "<group>";
		};
/* End PBXVariantGroup section */

/* Begin XCBuildConfiguration section */
		61BD50231E1CFF7C001C1462 /* Debug */ = {
			isa = XCBuildConfiguration;
			buildSettings = {
				ALWAYS_SEARCH_USER_PATHS = NO;
				CLANG_ANALYZER_NONNULL = YES;
				CLANG_CXX_LANGUAGE_STANDARD = "gnu++0x";
				CLANG_CXX_LIBRARY = "libc++";
				CLANG_ENABLE_MODULES = YES;
				CLANG_ENABLE_OBJC_ARC = YES;
				CLANG_WARN_BOOL_CONVERSION = YES;
				CLANG_WARN_CONSTANT_CONVERSION = YES;
				CLANG_WARN_DIRECT_OBJC_ISA_USAGE = YES_ERROR;
				CLANG_WARN_DOCUMENTATION_COMMENTS = YES;
				CLANG_WARN_EMPTY_BODY = YES;
				CLANG_WARN_ENUM_CONVERSION = YES;
				CLANG_WARN_INFINITE_RECURSION = YES;
				CLANG_WARN_INT_CONVERSION = YES;
				CLANG_WARN_OBJC_ROOT_CLASS = YES_ERROR;
				CLANG_WARN_SUSPICIOUS_MOVE = YES;
				CLANG_WARN_UNREACHABLE_CODE = YES;
				CLANG_WARN__DUPLICATE_METHOD_MATCH = YES;
				"CODE_SIGN_IDENTITY[sdk=iphoneos*]" = "iPhone Developer";
				COPY_PHASE_STRIP = NO;
				DEBUG_INFORMATION_FORMAT = dwarf;
				ENABLE_STRICT_OBJC_MSGSEND = YES;
				ENABLE_TESTABILITY = YES;
				GCC_C_LANGUAGE_STANDARD = gnu99;
				GCC_DYNAMIC_NO_PIC = NO;
				GCC_NO_COMMON_BLOCKS = YES;
				GCC_OPTIMIZATION_LEVEL = 0;
				GCC_PREPROCESSOR_DEFINITIONS = (
					"DEBUG=1",
					"$(inherited)",
				);
				GCC_WARN_64_TO_32_BIT_CONVERSION = YES;
				GCC_WARN_ABOUT_RETURN_TYPE = YES_ERROR;
				GCC_WARN_UNDECLARED_SELECTOR = YES;
				GCC_WARN_UNINITIALIZED_AUTOS = YES_AGGRESSIVE;
				GCC_WARN_UNUSED_FUNCTION = YES;
				GCC_WARN_UNUSED_VARIABLE = YES;
				IPHONEOS_DEPLOYMENT_TARGET = 10.2;
				MTL_ENABLE_DEBUG_INFO = YES;
				ONLY_ACTIVE_ARCH = YES;
				SDKROOT = iphoneos;
				SWIFT_ACTIVE_COMPILATION_CONDITIONS = DEBUG;
				SWIFT_OPTIMIZATION_LEVEL = "-Onone";
			};
			name = Debug;
		};
		61BD50241E1CFF7C001C1462 /* Release */ = {
			isa = XCBuildConfiguration;
			buildSettings = {
				ALWAYS_SEARCH_USER_PATHS = NO;
				CLANG_ANALYZER_NONNULL = YES;
				CLANG_CXX_LANGUAGE_STANDARD = "gnu++0x";
				CLANG_CXX_LIBRARY = "libc++";
				CLANG_ENABLE_MODULES = YES;
				CLANG_ENABLE_OBJC_ARC = YES;
				CLANG_WARN_BOOL_CONVERSION = YES;
				CLANG_WARN_CONSTANT_CONVERSION = YES;
				CLANG_WARN_DIRECT_OBJC_ISA_USAGE = YES_ERROR;
				CLANG_WARN_DOCUMENTATION_COMMENTS = YES;
				CLANG_WARN_EMPTY_BODY = YES;
				CLANG_WARN_ENUM_CONVERSION = YES;
				CLANG_WARN_INFINITE_RECURSION = YES;
				CLANG_WARN_INT_CONVERSION = YES;
				CLANG_WARN_OBJC_ROOT_CLASS = YES_ERROR;
				CLANG_WARN_SUSPICIOUS_MOVE = YES;
				CLANG_WARN_UNREACHABLE_CODE = YES;
				CLANG_WARN__DUPLICATE_METHOD_MATCH = YES;
				"CODE_SIGN_IDENTITY[sdk=iphoneos*]" = "iPhone Developer";
				COPY_PHASE_STRIP = NO;
				DEBUG_INFORMATION_FORMAT = "dwarf-with-dsym";
				ENABLE_NS_ASSERTIONS = NO;
				ENABLE_STRICT_OBJC_MSGSEND = YES;
				GCC_C_LANGUAGE_STANDARD = gnu99;
				GCC_NO_COMMON_BLOCKS = YES;
				GCC_WARN_64_TO_32_BIT_CONVERSION = YES;
				GCC_WARN_ABOUT_RETURN_TYPE = YES_ERROR;
				GCC_WARN_UNDECLARED_SELECTOR = YES;
				GCC_WARN_UNINITIALIZED_AUTOS = YES_AGGRESSIVE;
				GCC_WARN_UNUSED_FUNCTION = YES;
				GCC_WARN_UNUSED_VARIABLE = YES;
				IPHONEOS_DEPLOYMENT_TARGET = 10.2;
				MTL_ENABLE_DEBUG_INFO = NO;
				SDKROOT = iphoneos;
				SWIFT_OPTIMIZATION_LEVEL = "-Owholemodule";
				VALIDATE_PRODUCT = YES;
			};
			name = Release;
		};
		61BD50261E1CFF7C001C1462 /* Debug */ = {
			isa = XCBuildConfiguration;
			buildSettings = {
				ASSETCATALOG_COMPILER_APPICON_NAME = AppIcon;
				DEVELOPMENT_TEAM = 4YVNK9L8DK;
				INFOPLIST_FILE = IRDouYuZBSwift/Info.plist;
				IPHONEOS_DEPLOYMENT_TARGET = 9.2;
				LD_RUNPATH_SEARCH_PATHS = "$(inherited) @executable_path/Frameworks";
				PRODUCT_BUNDLE_IDENTIFIER = com.ir.test.IRDouYuZBSwift;
				PRODUCT_NAME = "$(TARGET_NAME)";
				SWIFT_VERSION = 3.0;
			};
			name = Debug;
		};
		61BD50271E1CFF7C001C1462 /* Release */ = {
			isa = XCBuildConfiguration;
			buildSettings = {
				ASSETCATALOG_COMPILER_APPICON_NAME = AppIcon;
				DEVELOPMENT_TEAM = 4YVNK9L8DK;
				INFOPLIST_FILE = IRDouYuZBSwift/Info.plist;
				IPHONEOS_DEPLOYMENT_TARGET = 9.2;
				LD_RUNPATH_SEARCH_PATHS = "$(inherited) @executable_path/Frameworks";
				PRODUCT_BUNDLE_IDENTIFIER = com.ir.test.IRDouYuZBSwift;
				PRODUCT_NAME = "$(TARGET_NAME)";
				SWIFT_VERSION = 3.0;
			};
			name = Release;
		};
		61BD50291E1CFF7C001C1462 /* Debug */ = {
			isa = XCBuildConfiguration;
			buildSettings = {
				ALWAYS_EMBED_SWIFT_STANDARD_LIBRARIES = YES;
				BUNDLE_LOADER = "$(TEST_HOST)";
				INFOPLIST_FILE = IRDouYuZBSwiftTests/Info.plist;
				LD_RUNPATH_SEARCH_PATHS = "$(inherited) @executable_path/Frameworks @loader_path/Frameworks";
				PRODUCT_BUNDLE_IDENTIFIER = com.ir.test.IRDouYuZBSwiftTests;
				PRODUCT_NAME = "$(TARGET_NAME)";
				SWIFT_VERSION = 3.0;
				TEST_HOST = "$(BUILT_PRODUCTS_DIR)/IRDouYuZBSwift.app/IRDouYuZBSwift";
			};
			name = Debug;
		};
		61BD502A1E1CFF7C001C1462 /* Release */ = {
			isa = XCBuildConfiguration;
			buildSettings = {
				ALWAYS_EMBED_SWIFT_STANDARD_LIBRARIES = YES;
				BUNDLE_LOADER = "$(TEST_HOST)";
				INFOPLIST_FILE = IRDouYuZBSwiftTests/Info.plist;
				LD_RUNPATH_SEARCH_PATHS = "$(inherited) @executable_path/Frameworks @loader_path/Frameworks";
				PRODUCT_BUNDLE_IDENTIFIER = com.ir.test.IRDouYuZBSwiftTests;
				PRODUCT_NAME = "$(TARGET_NAME)";
				SWIFT_VERSION = 3.0;
				TEST_HOST = "$(BUILT_PRODUCTS_DIR)/IRDouYuZBSwift.app/IRDouYuZBSwift";
			};
			name = Release;
		};
		61BD502C1E1CFF7C001C1462 /* Debug */ = {
			isa = XCBuildConfiguration;
			buildSettings = {
				ALWAYS_EMBED_SWIFT_STANDARD_LIBRARIES = YES;
				INFOPLIST_FILE = IRDouYuZBSwiftUITests/Info.plist;
				LD_RUNPATH_SEARCH_PATHS = "$(inherited) @executable_path/Frameworks @loader_path/Frameworks";
				PRODUCT_BUNDLE_IDENTIFIER = com.ir.test.IRDouYuZBSwiftUITests;
				PRODUCT_NAME = "$(TARGET_NAME)";
				SWIFT_VERSION = 3.0;
				TEST_TARGET_NAME = IRDouYuZBSwift;
			};
			name = Debug;
		};
		61BD502D1E1CFF7C001C1462 /* Release */ = {
			isa = XCBuildConfiguration;
			buildSettings = {
				ALWAYS_EMBED_SWIFT_STANDARD_LIBRARIES = YES;
				INFOPLIST_FILE = IRDouYuZBSwiftUITests/Info.plist;
				LD_RUNPATH_SEARCH_PATHS = "$(inherited) @executable_path/Frameworks @loader_path/Frameworks";
				PRODUCT_BUNDLE_IDENTIFIER = com.ir.test.IRDouYuZBSwiftUITests;
				PRODUCT_NAME = "$(TARGET_NAME)";
				SWIFT_VERSION = 3.0;
				TEST_TARGET_NAME = IRDouYuZBSwift;
			};
			name = Release;
		};
/* End XCBuildConfiguration section */

/* Begin XCConfigurationList section */
		61BD4FF81E1CFF7C001C1462 /* Build configuration list for PBXProject "IRDouYuZBSwift" */ = {
			isa = XCConfigurationList;
			buildConfigurations = (
				61BD50231E1CFF7C001C1462 /* Debug */,
				61BD50241E1CFF7C001C1462 /* Release */,
			);
			defaultConfigurationIsVisible = 0;
			defaultConfigurationName = Release;
		};
		61BD50251E1CFF7C001C1462 /* Build configuration list for PBXNativeTarget "IRDouYuZBSwift" */ = {
			isa = XCConfigurationList;
			buildConfigurations = (
				61BD50261E1CFF7C001C1462 /* Debug */,
				61BD50271E1CFF7C001C1462 /* Release */,
			);
			defaultConfigurationIsVisible = 0;
		};
		61BD50281E1CFF7C001C1462 /* Build configuration list for PBXNativeTarget "IRDouYuZBSwiftTests" */ = {
			isa = XCConfigurationList;
			buildConfigurations = (
				61BD50291E1CFF7C001C1462 /* Debug */,
				61BD502A1E1CFF7C001C1462 /* Release */,
			);
			defaultConfigurationIsVisible = 0;
		};
		61BD502B1E1CFF7C001C1462 /* Build configuration list for PBXNativeTarget "IRDouYuZBSwiftUITests" */ = {
			isa = XCConfigurationList;
			buildConfigurations = (
				61BD502C1E1CFF7C001C1462 /* Debug */,
				61BD502D1E1CFF7C001C1462 /* Release */,
			);
			defaultConfigurationIsVisible = 0;
		};
/* End XCConfigurationList section */
	};
	rootObject = 61BD4FF51E1CFF7C001C1462 /* Project object */;
}
